// !$*UTF8*$!
{
	archiveVersion = 1;
	classes = {
	};
	objectVersion = 56;
	objects = {

/* Begin PBXBuildFile section */
		BE32F1352A4F35CE006C3FAC /* PasteButtonSampleApp.swift in Sources */ = {isa = PBXBuildFile; fileRef = BE32F1342A4F35CE006C3FAC /* PasteButtonSampleApp.swift */; };
		BE32F1372A4F35CE006C3FAC /* ContentView.swift in Sources */ = {isa = PBXBuildFile; fileRef = BE32F1362A4F35CE006C3FAC /* ContentView.swift */; };
		BE32F1392A4F35CE006C3FAC /* Assets.xcassets in Resources */ = {isa = PBXBuildFile; fileRef = BE32F1382A4F35CE006C3FAC /* Assets.xcassets */; };
		BE32F13C2A4F35CE006C3FAC /* Preview Assets.xcassets in Resources */ = {isa = PBXBuildFile; fileRef = BE32F13B2A4F35CE006C3FAC /* Preview Assets.xcassets */; };
		BE32F1442A4F35FB006C3FAC /* StringCopyAndPasteView.swift in Sources */ = {isa = PBXBuildFile; fileRef = BE32F1432A4F35FB006C3FAC /* StringCopyAndPasteView.swift */; };
		BE32F1462A501920006C3FAC /* UIPasteBoardView.swift in Sources */ = {isa = PBXBuildFile; fileRef = BE32F1452A501920006C3FAC /* UIPasteBoardView.swift */; };
		BE32F1482A503B76006C3FAC /* TextSelectionView.swift in Sources */ = {isa = PBXBuildFile; fileRef = BE32F1472A503B76006C3FAC /* TextSelectionView.swift */; };
		BE32F14A2A54013C006C3FAC /* PasteButtonView.swift in Sources */ = {isa = PBXBuildFile; fileRef = BE32F1492A54013C006C3FAC /* PasteButtonView.swift */; };
		BE32F14C2A54262E006C3FAC /* PasteButtonStylesView.swift in Sources */ = {isa = PBXBuildFile; fileRef = BE32F14B2A54262E006C3FAC /* PasteButtonStylesView.swift */; };
/* End PBXBuildFile section */

/* Begin PBXFileReference section */
		BE32F1312A4F35CE006C3FAC /* PasteButtonSample.app */ = {isa = PBXFileReference; explicitFileType = wrapper.application; includeInIndex = 0; path = PasteButtonSample.app; sourceTree = BUILT_PRODUCTS_DIR; };
		BE32F1342A4F35CE006C3FAC /* PasteButtonSampleApp.swift */ = {isa = PBXFileReference; lastKnownFileType = sourcecode.swift; path = PasteButtonSampleApp.swift; sourceTree = "<group>"; };
		BE32F1362A4F35CE006C3FAC /* ContentView.swift */ = {isa = PBXFileReference; lastKnownFileType = sourcecode.swift; path = ContentView.swift; sourceTree = "<group>"; };
		BE32F1382A4F35CE006C3FAC /* Assets.xcassets */ = {isa = PBXFileReference; lastKnownFileType = folder.assetcatalog; path = Assets.xcassets; sourceTree = "<group>"; };
		BE32F13B2A4F35CE006C3FAC /* Preview Assets.xcassets */ = {isa = PBXFileReference; lastKnownFileType = folder.assetcatalog; path = "Preview Assets.xcassets"; sourceTree = "<group>"; };
		BE32F1432A4F35FB006C3FAC /* StringCopyAndPasteView.swift */ = {isa = PBXFileReference; lastKnownFileType = sourcecode.swift; path = StringCopyAndPasteView.swift; sourceTree = "<group>"; };
		BE32F1452A501920006C3FAC /* UIPasteBoardView.swift */ = {isa = PBXFileReference; lastKnownFileType = sourcecode.swift; path = UIPasteBoardView.swift; sourceTree = "<group>"; };
		BE32F1472A503B76006C3FAC /* TextSelectionView.swift */ = {isa = PBXFileReference; lastKnownFileType = sourcecode.swift; path = TextSelectionView.swift; sourceTree = "<group>"; };
		BE32F1492A54013C006C3FAC /* PasteButtonView.swift */ = {isa = PBXFileReference; lastKnownFileType = sourcecode.swift; path = PasteButtonView.swift; sourceTree = "<group>"; };
		BE32F14B2A54262E006C3FAC /* PasteButtonStylesView.swift */ = {isa = PBXFileReference; lastKnownFileType = sourcecode.swift; path = PasteButtonStylesView.swift; sourceTree = "<group>"; };
/* End PBXFileReference section */

/* Begin PBXFrameworksBuildPhase section */
		BE32F12E2A4F35CE006C3FAC /* Frameworks */ = {
			isa = PBXFrameworksBuildPhase;
			buildActionMask = 2147483647;
			files = (
			);
			runOnlyForDeploymentPostprocessing = 0;
		};
/* End PBXFrameworksBuildPhase section */

/* Begin PBXGroup section */
		BE32F1282A4F35CE006C3FAC = {
			isa = PBXGroup;
			children = (
				BE32F1332A4F35CE006C3FAC /* PasteButtonSample */,
				BE32F1322A4F35CE006C3FAC /* Products */,
			);
			sourceTree = "<group>";
		};
		BE32F1322A4F35CE006C3FAC /* Products */ = {
			isa = PBXGroup;
			children = (
				BE32F1312A4F35CE006C3FAC /* PasteButtonSample.app */,
			);
			name = Products;
			sourceTree = "<group>";
		};
		BE32F1332A4F35CE006C3FAC /* PasteButtonSample */ = {
			isa = PBXGroup;
			children = (
				BE32F1342A4F35CE006C3FAC /* PasteButtonSampleApp.swift */,
				BE32F1362A4F35CE006C3FAC /* ContentView.swift */,
				BE32F1422A4F35E9006C3FAC /* Views */,
				BE32F1382A4F35CE006C3FAC /* Assets.xcassets */,
				BE32F13A2A4F35CE006C3FAC /* Preview Content */,
			);
			path = PasteButtonSample;
			sourceTree = "<group>";
		};
		BE32F13A2A4F35CE006C3FAC /* Preview Content */ = {
			isa = PBXGroup;
			children = (
				BE32F13B2A4F35CE006C3FAC /* Preview Assets.xcassets */,
			);
			path = "Preview Content";
			sourceTree = "<group>";
		};
		BE32F1422A4F35E9006C3FAC /* Views */ = {
			isa = PBXGroup;
			children = (
				BE32F1432A4F35FB006C3FAC /* StringCopyAndPasteView.swift */,
				BE32F1452A501920006C3FAC /* UIPasteBoardView.swift */,
				BE32F1472A503B76006C3FAC /* TextSelectionView.swift */,
				BE32F1492A54013C006C3FAC /* PasteButtonView.swift */,
				BE32F14B2A54262E006C3FAC /* PasteButtonStylesView.swift */,
			);
			path = Views;
			sourceTree = "<group>";
		};
/* End PBXGroup section */

/* Begin PBXNativeTarget section */
		BE32F1302A4F35CE006C3FAC /* PasteButtonSample */ = {
			isa = PBXNativeTarget;
			buildConfigurationList = BE32F13F2A4F35CE006C3FAC /* Build configuration list for PBXNativeTarget "PasteButtonSample" */;
			buildPhases = (
				BE32F12D2A4F35CE006C3FAC /* Sources */,
				BE32F12E2A4F35CE006C3FAC /* Frameworks */,
				BE32F12F2A4F35CE006C3FAC /* Resources */,
			);
			buildRules = (
			);
			dependencies = (
			);
			name = PasteButtonSample;
			productName = PasteButtonSample;
			productReference = BE32F1312A4F35CE006C3FAC /* PasteButtonSample.app */;
			productType = "com.apple.product-type.application";
		};
/* End PBXNativeTarget section */

/* Begin PBXProject section */
		BE32F1292A4F35CE006C3FAC /* Project object */ = {
			isa = PBXProject;
			attributes = {
				BuildIndependentTargetsInParallel = 1;
				LastSwiftUpdateCheck = 1430;
				LastUpgradeCheck = 1430;
				TargetAttributes = {
					BE32F1302A4F35CE006C3FAC = {
						CreatedOnToolsVersion = 14.3.1;
					};
				};
			};
			buildConfigurationList = BE32F12C2A4F35CE006C3FAC /* Build configuration list for PBXProject "PasteButtonSample" */;
			compatibilityVersion = "Xcode 14.0";
			developmentRegion = en;
			hasScannedForEncodings = 0;
			knownRegions = (
				en,
				Base,
			);
			mainGroup = BE32F1282A4F35CE006C3FAC;
			productRefGroup = BE32F1322A4F35CE006C3FAC /* Products */;
			projectDirPath = "";
			projectRoot = "";
			targets = (
				BE32F1302A4F35CE006C3FAC /* PasteButtonSample */,
			);
		};
/* End PBXProject section */

/* Begin PBXResourcesBuildPhase section */
		BE32F12F2A4F35CE006C3FAC /* Resources */ = {
			isa = PBXResourcesBuildPhase;
			buildActionMask = 2147483647;
			files = (
				BE32F13C2A4F35CE006C3FAC /* Preview Assets.xcassets in Resources */,
				BE32F1392A4F35CE006C3FAC /* Assets.xcassets in Resources */,
			);
			runOnlyForDeploymentPostprocessing = 0;
		};
/* End PBXResourcesBuildPhase section */

/* Begin PBXSourcesBuildPhase section */
		BE32F12D2A4F35CE006C3FAC /* Sources */ = {
			isa = PBXSourcesBuildPhase;
			buildActionMask = 2147483647;
			files = (
				BE32F1442A4F35FB006C3FAC /* StringCopyAndPasteView.swift in Sources */,
				BE32F1372A4F35CE006C3FAC /* ContentView.swift in Sources */,
				BE32F14C2A54262E006C3FAC /* PasteButtonStylesView.swift in Sources */,
				BE32F14A2A54013C006C3FAC /* PasteButtonView.swift in Sources */,
				BE32F1482A503B76006C3FAC /* TextSelectionView.swift in Sources */,
				BE32F1462A501920006C3FAC /* UIPasteBoardView.swift in Sources */,
				BE32F1352A4F35CE006C3FAC /* PasteButtonSampleApp.swift in Sources */,
			);
			runOnlyForDeploymentPostprocessing = 0;
		};
/* End PBXSourcesBuildPhase section */

/* Begin XCBuildConfiguration section */
		BE32F13D2A4F35CE006C3FAC /* Debug */ = {
			isa = XCBuildConfiguration;
			buildSettings = {
				ALWAYS_SEARCH_USER_PATHS = NO;
				CLANG_ANALYZER_NONNULL = YES;
				CLANG_ANALYZER_NUMBER_OBJECT_CONVERSION = YES_AGGRESSIVE;
				CLANG_CXX_LANGUAGE_STANDARD = "gnu++20";
				CLANG_ENABLE_MODULES = YES;
				CLANG_ENABLE_OBJC_ARC = YES;
				CLANG_ENABLE_OBJC_WEAK = YES;
				CLANG_WARN_BLOCK_CAPTURE_AUTORELEASING = YES;
				CLANG_WARN_BOOL_CONVERSION = YES;
				CLANG_WARN_COMMA = YES;
				CLANG_WARN_CONSTANT_CONVERSION = YES;
				CLANG_WARN_DEPRECATED_OBJC_IMPLEMENTATIONS = YES;
				CLANG_WARN_DIRECT_OBJC_ISA_USAGE = YES_ERROR;
				CLANG_WARN_DOCUMENTATION_COMMENTS = YES;
				CLANG_WARN_EMPTY_BODY = YES;
				CLANG_WARN_ENUM_CONVERSION = YES;
				CLANG_WARN_INFINITE_RECURSION = YES;
				CLANG_WARN_INT_CONVERSION = YES;
				CLANG_WARN_NON_LITERAL_NULL_CONVERSION = YES;
				CLANG_WARN_OBJC_IMPLICIT_RETAIN_SELF = YES;
				CLANG_WARN_OBJC_LITERAL_CONVERSION = YES;
				CLANG_WARN_OBJC_ROOT_CLASS = YES_ERROR;
				CLANG_WARN_QUOTED_INCLUDE_IN_FRAMEWORK_HEADER = YES;
				CLANG_WARN_RANGE_LOOP_ANALYSIS = YES;
				CLANG_WARN_STRICT_PROTOTYPES = YES;
				CLANG_WARN_SUSPICIOUS_MOVE = YES;
				CLANG_WARN_UNGUARDED_AVAILABILITY = YES_AGGRESSIVE;
				CLANG_WARN_UNREACHABLE_CODE = YES;
				CLANG_WARN__DUPLICATE_METHOD_MATCH = YES;
				COPY_PHASE_STRIP = NO;
				DEBUG_INFORMATION_FORMAT = dwarf;
				ENABLE_STRICT_OBJC_MSGSEND = YES;
				ENABLE_TESTABILITY = YES;
				GCC_C_LANGUAGE_STANDARD = gnu11;
				GCC_DYNAMIC_NO_PIC = NO;
				GCC_NO_COMMON_BLOCKS = YES;
				GCC_OPTIMIZATION_LEVEL = 0;
				GCC_PREPROCESSOR_DEFINITIONS = (
					"DEBUG=1",
					"$(inherited)",
				);
				GCC_WARN_64_TO_32_BIT_CONVERSION = YES;
				GCC_WARN_ABOUT_RETURN_TYPE = YES_ERROR;
				GCC_WARN_UNDECLARED_SELECTOR = YES;
				GCC_WARN_UNINITIALIZED_AUTOS = YES_AGGRESSIVE;
				GCC_WARN_UNUSED_FUNCTION = YES;
				GCC_WARN_UNUSED_VARIABLE = YES;
				IPHONEOS_DEPLOYMENT_TARGET = 16.4;
				MTL_ENABLE_DEBUG_INFO = INCLUDE_SOURCE;
				MTL_FAST_MATH = YES;
				ONLY_ACTIVE_ARCH = YES;
				SDKROOT = iphoneos;
				SWIFT_ACTIVE_COMPILATION_CONDITIONS = DEBUG;
				SWIFT_OPTIMIZATION_LEVEL = "-Onone";
			};
			name = Debug;
		};
		BE32F13E2A4F35CE006C3FAC /* Release */ = {
			isa = XCBuildConfiguration;
			buildSettings = {
				ALWAYS_SEARCH_USER_PATHS = NO;
				CLANG_ANALYZER_NONNULL = YES;
				CLANG_ANALYZER_NUMBER_OBJECT_CONVERSION = YES_AGGRESSIVE;
				CLANG_CXX_LANGUAGE_STANDARD = "gnu++20";
				CLANG_ENABLE_MODULES = YES;
				CLANG_ENABLE_OBJC_ARC = YES;
				CLANG_ENABLE_OBJC_WEAK = YES;
				CLANG_WARN_BLOCK_CAPTURE_AUTORELEASING = YES;
				CLANG_WARN_BOOL_CONVERSION = YES;
				CLANG_WARN_COMMA = YES;
				CLANG_WARN_CONSTANT_CONVERSION = YES;
				CLANG_WARN_DEPRECATED_OBJC_IMPLEMENTATIONS = YES;
				CLANG_WARN_DIRECT_OBJC_ISA_USAGE = YES_ERROR;
				CLANG_WARN_DOCUMENTATION_COMMENTS = YES;
				CLANG_WARN_EMPTY_BODY = YES;
				CLANG_WARN_ENUM_CONVERSION = YES;
				CLANG_WARN_INFINITE_RECURSION = YES;
				CLANG_WARN_INT_CONVERSION = YES;
				CLANG_WARN_NON_LITERAL_NULL_CONVERSION = YES;
				CLANG_WARN_OBJC_IMPLICIT_RETAIN_SELF = YES;
				CLANG_WARN_OBJC_LITERAL_CONVERSION = YES;
				CLANG_WARN_OBJC_ROOT_CLASS = YES_ERROR;
				CLANG_WARN_QUOTED_INCLUDE_IN_FRAMEWORK_HEADER = YES;
				CLANG_WARN_RANGE_LOOP_ANALYSIS = YES;
				CLANG_WARN_STRICT_PROTOTYPES = YES;
				CLANG_WARN_SUSPICIOUS_MOVE = YES;
				CLANG_WARN_UNGUARDED_AVAILABILITY = YES_AGGRESSIVE;
				CLANG_WARN_UNREACHABLE_CODE = YES;
				CLANG_WARN__DUPLICATE_METHOD_MATCH = YES;
				COPY_PHASE_STRIP = NO;
				DEBUG_INFORMATION_FORMAT = "dwarf-with-dsym";
				ENABLE_NS_ASSERTIONS = NO;
				ENABLE_STRICT_OBJC_MSGSEND = YES;
				GCC_C_LANGUAGE_STANDARD = gnu11;
				GCC_NO_COMMON_BLOCKS = YES;
				GCC_WARN_64_TO_32_BIT_CONVERSION = YES;
				GCC_WARN_ABOUT_RETURN_TYPE = YES_ERROR;
				GCC_WARN_UNDECLARED_SELECTOR = YES;
				GCC_WARN_UNINITIALIZED_AUTOS = YES_AGGRESSIVE;
				GCC_WARN_UNUSED_FUNCTION = YES;
				GCC_WARN_UNUSED_VARIABLE = YES;
				IPHONEOS_DEPLOYMENT_TARGET = 16.4;
				MTL_ENABLE_DEBUG_INFO = NO;
				MTL_FAST_MATH = YES;
				SDKROOT = iphoneos;
				SWIFT_COMPILATION_MODE = wholemodule;
				SWIFT_OPTIMIZATION_LEVEL = "-O";
				VALIDATE_PRODUCT = YES;
			};
			name = Release;
		};
		BE32F1402A4F35CE006C3FAC /* Debug */ = {
			isa = XCBuildConfiguration;
			buildSettings = {
				ASSETCATALOG_COMPILER_APPICON_NAME = AppIcon;
				ASSETCATALOG_COMPILER_GLOBAL_ACCENT_COLOR_NAME = AccentColor;
				CODE_SIGN_STYLE = Automatic;
				CURRENT_PROJECT_VERSION = 1;
				DEVELOPMENT_ASSET_PATHS = "\"PasteButtonSample/Preview Content\"";
				DEVELOPMENT_TEAM = H999WST5QF;
				ENABLE_PREVIEWS = YES;
				GENERATE_INFOPLIST_FILE = YES;
				INFOPLIST_KEY_UIApplicationSceneManifest_Generation = YES;
				INFOPLIST_KEY_UIApplicationSupportsIndirectInputEvents = YES;
				INFOPLIST_KEY_UILaunchScreen_Generation = YES;
				INFOPLIST_KEY_UISupportedInterfaceOrientations_iPad = "UIInterfaceOrientationPortrait UIInterfaceOrientationPortraitUpsideDown UIInterfaceOrientationLandscapeLeft UIInterfaceOrientationLandscapeRight";
				INFOPLIST_KEY_UISupportedInterfaceOrientations_iPhone = "UIInterfaceOrientationPortrait UIInterfaceOrientationLandscapeLeft UIInterfaceOrientationLandscapeRight";
				LD_RUNPATH_SEARCH_PATHS = (
					"$(inherited)",
					"@executable_path/Frameworks",
				);
				MARKETING_VERSION = 1.0;
				PRODUCT_BUNDLE_IDENTIFIER = com.gmail.kennsuke242424.PasteButtonSample;
				PRODUCT_NAME = "$(TARGET_NAME)";
				SWIFT_EMIT_LOC_STRINGS = YES;
				SWIFT_VERSION = 5.0;
				TARGETED_DEVICE_FAMILY = "1,2";
			};
			name = Debug;
		};
		BE32F1412A4F35CE006C3FAC /* Release */ = {
			isa = XCBuildConfiguration;
			buildSettings = {
				ASSETCATALOG_COMPILER_APPICON_NAME = AppIcon;
				ASSETCATALOG_COMPILER_GLOBAL_ACCENT_COLOR_NAME = AccentColor;
				CODE_SIGN_STYLE = Automatic;
				CURRENT_PROJECT_VERSION = 1;
				DEVELOPMENT_ASSET_PATHS = "\"PasteButtonSample/Preview Content\"";
				DEVELOPMENT_TEAM = H999WST5QF;
				ENABLE_PREVIEWS = YES;
				GENERATE_INFOPLIST_FILE = YES;
				INFOPLIST_KEY_UIApplicationSceneManifest_Generation = YES;
				INFOPLIST_KEY_UIApplicationSupportsIndirectInputEvents = YES;
				INFOPLIST_KEY_UILaunchScreen_Generation = YES;
				INFOPLIST_KEY_UISupportedInterfaceOrientations_iPad = "UIInterfaceOrientationPortrait UIInterfaceOrientationPortraitUpsideDown UIInterfaceOrientationLandscapeLeft UIInterfaceOrientationLandscapeRight";
				INFOPLIST_KEY_UISupportedInterfaceOrientations_iPhone = "UIInterfaceOrientationPortrait UIInterfaceOrientationLandscapeLeft UIInterfaceOrientationLandscapeRight";
				LD_RUNPATH_SEARCH_PATHS = (
					"$(inherited)",
					"@executable_path/Frameworks",
				);
				MARKETING_VERSION = 1.0;
				PRODUCT_BUNDLE_IDENTIFIER = com.gmail.kennsuke242424.PasteButtonSample;
				PRODUCT_NAME = "$(TARGET_NAME)";
				SWIFT_EMIT_LOC_STRINGS = YES;
				SWIFT_VERSION = 5.0;
				TARGETED_DEVICE_FAMILY = "1,2";
			};
			name = Release;
		};
/* End XCBuildConfiguration section */

/* Begin XCConfigurationList section */
		BE32F12C2A4F35CE006C3FAC /* Build configuration list for PBXProject "PasteButtonSample" */ = {
			isa = XCConfigurationList;
			buildConfigurations = (
				BE32F13D2A4F35CE006C3FAC /* Debug */,
				BE32F13E2A4F35CE006C3FAC /* Release */,
			);
			defaultConfigurationIsVisible = 0;
			defaultConfigurationName = Release;
		};
		BE32F13F2A4F35CE006C3FAC /* Build configuration list for PBXNativeTarget "PasteButtonSample" */ = {
			isa = XCConfigurationList;
			buildConfigurations = (
				BE32F1402A4F35CE006C3FAC /* Debug */,
				BE32F1412A4F35CE006C3FAC /* Release */,
			);
			defaultConfigurationIsVisible = 0;
			defaultConfigurationName = Release;
		};
/* End XCConfigurationList section */
	};
	rootObject = BE32F1292A4F35CE006C3FAC /* Project object */;
}
