// !$*UTF8*$!
{
	archiveVersion = 1;
	classes = {
	};
	objectVersion = 56;
	objects = {

/* Begin PBXBuildFile section */
		BE09E2FF2A41F16A00EE64B5 /* AsyncImageSampleApp.swift in Sources */ = {isa = PBXBuildFile; fileRef = BE09E2FE2A41F16A00EE64B5 /* AsyncImageSampleApp.swift */; };
		BE09E3012A41F16A00EE64B5 /* ContentView.swift in Sources */ = {isa = PBXBuildFile; fileRef = BE09E3002A41F16A00EE64B5 /* ContentView.swift */; };
		BE09E3032A41F16B00EE64B5 /* Assets.xcassets in Resources */ = {isa = PBXBuildFile; fileRef = BE09E3022A41F16B00EE64B5 /* Assets.xcassets */; };
		BE09E3062A41F16C00EE64B5 /* Preview Assets.xcassets in Resources */ = {isa = PBXBuildFile; fileRef = BE09E3052A41F16C00EE64B5 /* Preview Assets.xcassets */; };
		BE09E3102A41FFA700EE64B5 /* BasicAsyncImage.swift in Sources */ = {isa = PBXBuildFile; fileRef = BE09E30F2A41FFA700EE64B5 /* BasicAsyncImage.swift */; };
		BE09E3122A42B72400EE64B5 /* ScrollAsyncImagesView.swift in Sources */ = {isa = PBXBuildFile; fileRef = BE09E3112A42B72400EE64B5 /* ScrollAsyncImagesView.swift */; };
		BE09E3142A42D56B00EE64B5 /* CustomPlaceHolderAsyncImage.swift in Sources */ = {isa = PBXBuildFile; fileRef = BE09E3132A42D56B00EE64B5 /* CustomPlaceHolderAsyncImage.swift */; };
		BE09E3162A42ED8300EE64B5 /* AsyncImagePhaseView.swift in Sources */ = {isa = PBXBuildFile; fileRef = BE09E3152A42ED8300EE64B5 /* AsyncImagePhaseView.swift */; };
		BE09E3182A42F22E00EE64B5 /* AnimationAsyncImageView.swift in Sources */ = {isa = PBXBuildFile; fileRef = BE09E3172A42F22E00EE64B5 /* AnimationAsyncImageView.swift */; };
/* End PBXBuildFile section */

/* Begin PBXFileReference section */
		BE09E2FB2A41F16A00EE64B5 /* AsyncImageSample.app */ = {isa = PBXFileReference; explicitFileType = wrapper.application; includeInIndex = 0; path = AsyncImageSample.app; sourceTree = BUILT_PRODUCTS_DIR; };
		BE09E2FE2A41F16A00EE64B5 /* AsyncImageSampleApp.swift */ = {isa = PBXFileReference; lastKnownFileType = sourcecode.swift; path = AsyncImageSampleApp.swift; sourceTree = "<group>"; };
		BE09E3002A41F16A00EE64B5 /* ContentView.swift */ = {isa = PBXFileReference; lastKnownFileType = sourcecode.swift; path = ContentView.swift; sourceTree = "<group>"; };
		BE09E3022A41F16B00EE64B5 /* Assets.xcassets */ = {isa = PBXFileReference; lastKnownFileType = folder.assetcatalog; path = Assets.xcassets; sourceTree = "<group>"; };
		BE09E3052A41F16C00EE64B5 /* Preview Assets.xcassets */ = {isa = PBXFileReference; lastKnownFileType = folder.assetcatalog; path = "Preview Assets.xcassets"; sourceTree = "<group>"; };
		BE09E30F2A41FFA700EE64B5 /* BasicAsyncImage.swift */ = {isa = PBXFileReference; lastKnownFileType = sourcecode.swift; path = BasicAsyncImage.swift; sourceTree = "<group>"; };
		BE09E3112A42B72400EE64B5 /* ScrollAsyncImagesView.swift */ = {isa = PBXFileReference; lastKnownFileType = sourcecode.swift; path = ScrollAsyncImagesView.swift; sourceTree = "<group>"; };
		BE09E3132A42D56B00EE64B5 /* CustomPlaceHolderAsyncImage.swift */ = {isa = PBXFileReference; lastKnownFileType = sourcecode.swift; path = CustomPlaceHolderAsyncImage.swift; sourceTree = "<group>"; };
		BE09E3152A42ED8300EE64B5 /* AsyncImagePhaseView.swift */ = {isa = PBXFileReference; lastKnownFileType = sourcecode.swift; path = AsyncImagePhaseView.swift; sourceTree = "<group>"; };
		BE09E3172A42F22E00EE64B5 /* AnimationAsyncImageView.swift */ = {isa = PBXFileReference; lastKnownFileType = sourcecode.swift; path = AnimationAsyncImageView.swift; sourceTree = "<group>"; };
/* End PBXFileReference section */

/* Begin PBXFrameworksBuildPhase section */
		BE09E2F82A41F16A00EE64B5 /* Frameworks */ = {
			isa = PBXFrameworksBuildPhase;
			buildActionMask = 2147483647;
			files = (
			);
			runOnlyForDeploymentPostprocessing = 0;
		};
/* End PBXFrameworksBuildPhase section */

/* Begin PBXGroup section */
		BE09E2F22A41F16A00EE64B5 = {
			isa = PBXGroup;
			children = (
				BE09E2FD2A41F16A00EE64B5 /* AsyncImageSample */,
				BE09E2FC2A41F16A00EE64B5 /* Products */,
			);
			sourceTree = "<group>";
		};
		BE09E2FC2A41F16A00EE64B5 /* Products */ = {
			isa = PBXGroup;
			children = (
				BE09E2FB2A41F16A00EE64B5 /* AsyncImageSample.app */,
			);
			name = Products;
			sourceTree = "<group>";
		};
		BE09E2FD2A41F16A00EE64B5 /* AsyncImageSample */ = {
			isa = PBXGroup;
			children = (
				BE09E2FE2A41F16A00EE64B5 /* AsyncImageSampleApp.swift */,
				BE09E3002A41F16A00EE64B5 /* ContentView.swift */,
				BE09E30C2A41F44B00EE64B5 /* Views */,
				BE09E3022A41F16B00EE64B5 /* Assets.xcassets */,
				BE09E3042A41F16C00EE64B5 /* Preview Content */,
			);
			path = AsyncImageSample;
			sourceTree = "<group>";
		};
		BE09E3042A41F16C00EE64B5 /* Preview Content */ = {
			isa = PBXGroup;
			children = (
				BE09E3052A41F16C00EE64B5 /* Preview Assets.xcassets */,
			);
			path = "Preview Content";
			sourceTree = "<group>";
		};
		BE09E30C2A41F44B00EE64B5 /* Views */ = {
			isa = PBXGroup;
			children = (
				BE09E30F2A41FFA700EE64B5 /* BasicAsyncImage.swift */,
				BE09E3152A42ED8300EE64B5 /* AsyncImagePhaseView.swift */,
				BE09E3172A42F22E00EE64B5 /* AnimationAsyncImageView.swift */,
				BE09E3132A42D56B00EE64B5 /* CustomPlaceHolderAsyncImage.swift */,
				BE09E3112A42B72400EE64B5 /* ScrollAsyncImagesView.swift */,
			);
			path = Views;
			sourceTree = "<group>";
		};
/* End PBXGroup section */

/* Begin PBXNativeTarget section */
		BE09E2FA2A41F16A00EE64B5 /* AsyncImageSample */ = {
			isa = PBXNativeTarget;
			buildConfigurationList = BE09E3092A41F16C00EE64B5 /* Build configuration list for PBXNativeTarget "AsyncImageSample" */;
			buildPhases = (
				BE09E2F72A41F16A00EE64B5 /* Sources */,
				BE09E2F82A41F16A00EE64B5 /* Frameworks */,
				BE09E2F92A41F16A00EE64B5 /* Resources */,
			);
			buildRules = (
			);
			dependencies = (
			);
			name = AsyncImageSample;
			productName = AsyncImageSample;
			productReference = BE09E2FB2A41F16A00EE64B5 /* AsyncImageSample.app */;
			productType = "com.apple.product-type.application";
		};
/* End PBXNativeTarget section */

/* Begin PBXProject section */
		BE09E2F32A41F16A00EE64B5 /* Project object */ = {
			isa = PBXProject;
			attributes = {
				BuildIndependentTargetsInParallel = 1;
				LastSwiftUpdateCheck = 1430;
				LastUpgradeCheck = 1430;
				TargetAttributes = {
					BE09E2FA2A41F16A00EE64B5 = {
						CreatedOnToolsVersion = 14.3.1;
					};
				};
			};
			buildConfigurationList = BE09E2F62A41F16A00EE64B5 /* Build configuration list for PBXProject "AsyncImageSample" */;
			compatibilityVersion = "Xcode 14.0";
			developmentRegion = en;
			hasScannedForEncodings = 0;
			knownRegions = (
				en,
				Base,
			);
			mainGroup = BE09E2F22A41F16A00EE64B5;
			productRefGroup = BE09E2FC2A41F16A00EE64B5 /* Products */;
			projectDirPath = "";
			projectRoot = "";
			targets = (
				BE09E2FA2A41F16A00EE64B5 /* AsyncImageSample */,
			);
		};
/* End PBXProject section */

/* Begin PBXResourcesBuildPhase section */
		BE09E2F92A41F16A00EE64B5 /* Resources */ = {
			isa = PBXResourcesBuildPhase;
			buildActionMask = 2147483647;
			files = (
				BE09E3062A41F16C00EE64B5 /* Preview Assets.xcassets in Resources */,
				BE09E3032A41F16B00EE64B5 /* Assets.xcassets in Resources */,
			);
			runOnlyForDeploymentPostprocessing = 0;
		};
/* End PBXResourcesBuildPhase section */

/* Begin PBXSourcesBuildPhase section */
		BE09E2F72A41F16A00EE64B5 /* Sources */ = {
			isa = PBXSourcesBuildPhase;
			buildActionMask = 2147483647;
			files = (
				BE09E3012A41F16A00EE64B5 /* ContentView.swift in Sources */,
				BE09E2FF2A41F16A00EE64B5 /* AsyncImageSampleApp.swift in Sources */,
				BE09E3122A42B72400EE64B5 /* ScrollAsyncImagesView.swift in Sources */,
				BE09E3182A42F22E00EE64B5 /* AnimationAsyncImageView.swift in Sources */,
				BE09E3102A41FFA700EE64B5 /* BasicAsyncImage.swift in Sources */,
				BE09E3162A42ED8300EE64B5 /* AsyncImagePhaseView.swift in Sources */,
				BE09E3142A42D56B00EE64B5 /* CustomPlaceHolderAsyncImage.swift in Sources */,
			);
			runOnlyForDeploymentPostprocessing = 0;
		};
/* End PBXSourcesBuildPhase section */

/* Begin XCBuildConfiguration section */
		BE09E3072A41F16C00EE64B5 /* Debug */ = {
			isa = XCBuildConfiguration;
			buildSettings = {
				ALWAYS_SEARCH_USER_PATHS = NO;
				CLANG_ANALYZER_NONNULL = YES;
				CLANG_ANALYZER_NUMBER_OBJECT_CONVERSION = YES_AGGRESSIVE;
				CLANG_CXX_LANGUAGE_STANDARD = "gnu++20";
				CLANG_ENABLE_MODULES = YES;
				CLANG_ENABLE_OBJC_ARC = YES;
				CLANG_ENABLE_OBJC_WEAK = YES;
				CLANG_WARN_BLOCK_CAPTURE_AUTORELEASING = YES;
				CLANG_WARN_BOOL_CONVERSION = YES;
				CLANG_WARN_COMMA = YES;
				CLANG_WARN_CONSTANT_CONVERSION = YES;
				CLANG_WARN_DEPRECATED_OBJC_IMPLEMENTATIONS = YES;
				CLANG_WARN_DIRECT_OBJC_ISA_USAGE = YES_ERROR;
				CLANG_WARN_DOCUMENTATION_COMMENTS = YES;
				CLANG_WARN_EMPTY_BODY = YES;
				CLANG_WARN_ENUM_CONVERSION = YES;
				CLANG_WARN_INFINITE_RECURSION = YES;
				CLANG_WARN_INT_CONVERSION = YES;
				CLANG_WARN_NON_LITERAL_NULL_CONVERSION = YES;
				CLANG_WARN_OBJC_IMPLICIT_RETAIN_SELF = YES;
				CLANG_WARN_OBJC_LITERAL_CONVERSION = YES;
				CLANG_WARN_OBJC_ROOT_CLASS = YES_ERROR;
				CLANG_WARN_QUOTED_INCLUDE_IN_FRAMEWORK_HEADER = YES;
				CLANG_WARN_RANGE_LOOP_ANALYSIS = YES;
				CLANG_WARN_STRICT_PROTOTYPES = YES;
				CLANG_WARN_SUSPICIOUS_MOVE = YES;
				CLANG_WARN_UNGUARDED_AVAILABILITY = YES_AGGRESSIVE;
				CLANG_WARN_UNREACHABLE_CODE = YES;
				CLANG_WARN__DUPLICATE_METHOD_MATCH = YES;
				COPY_PHASE_STRIP = NO;
				DEBUG_INFORMATION_FORMAT = dwarf;
				ENABLE_STRICT_OBJC_MSGSEND = YES;
				ENABLE_TESTABILITY = YES;
				GCC_C_LANGUAGE_STANDARD = gnu11;
				GCC_DYNAMIC_NO_PIC = NO;
				GCC_NO_COMMON_BLOCKS = YES;
				GCC_OPTIMIZATION_LEVEL = 0;
				GCC_PREPROCESSOR_DEFINITIONS = (
					"DEBUG=1",
					"$(inherited)",
				);
				GCC_WARN_64_TO_32_BIT_CONVERSION = YES;
				GCC_WARN_ABOUT_RETURN_TYPE = YES_ERROR;
				GCC_WARN_UNDECLARED_SELECTOR = YES;
				GCC_WARN_UNINITIALIZED_AUTOS = YES_AGGRESSIVE;
				GCC_WARN_UNUSED_FUNCTION = YES;
				GCC_WARN_UNUSED_VARIABLE = YES;
				IPHONEOS_DEPLOYMENT_TARGET = 16.4;
				MTL_ENABLE_DEBUG_INFO = INCLUDE_SOURCE;
				MTL_FAST_MATH = YES;
				ONLY_ACTIVE_ARCH = YES;
				SDKROOT = iphoneos;
				SWIFT_ACTIVE_COMPILATION_CONDITIONS = DEBUG;
				SWIFT_OPTIMIZATION_LEVEL = "-Onone";
			};
			name = Debug;
		};
		BE09E3082A41F16C00EE64B5 /* Release */ = {
			isa = XCBuildConfiguration;
			buildSettings = {
				ALWAYS_SEARCH_USER_PATHS = NO;
				CLANG_ANALYZER_NONNULL = YES;
				CLANG_ANALYZER_NUMBER_OBJECT_CONVERSION = YES_AGGRESSIVE;
				CLANG_CXX_LANGUAGE_STANDARD = "gnu++20";
				CLANG_ENABLE_MODULES = YES;
				CLANG_ENABLE_OBJC_ARC = YES;
				CLANG_ENABLE_OBJC_WEAK = YES;
				CLANG_WARN_BLOCK_CAPTURE_AUTORELEASING = YES;
				CLANG_WARN_BOOL_CONVERSION = YES;
				CLANG_WARN_COMMA = YES;
				CLANG_WARN_CONSTANT_CONVERSION = YES;
				CLANG_WARN_DEPRECATED_OBJC_IMPLEMENTATIONS = YES;
				CLANG_WARN_DIRECT_OBJC_ISA_USAGE = YES_ERROR;
				CLANG_WARN_DOCUMENTATION_COMMENTS = YES;
				CLANG_WARN_EMPTY_BODY = YES;
				CLANG_WARN_ENUM_CONVERSION = YES;
				CLANG_WARN_INFINITE_RECURSION = YES;
				CLANG_WARN_INT_CONVERSION = YES;
				CLANG_WARN_NON_LITERAL_NULL_CONVERSION = YES;
				CLANG_WARN_OBJC_IMPLICIT_RETAIN_SELF = YES;
				CLANG_WARN_OBJC_LITERAL_CONVERSION = YES;
				CLANG_WARN_OBJC_ROOT_CLASS = YES_ERROR;
				CLANG_WARN_QUOTED_INCLUDE_IN_FRAMEWORK_HEADER = YES;
				CLANG_WARN_RANGE_LOOP_ANALYSIS = YES;
				CLANG_WARN_STRICT_PROTOTYPES = YES;
				CLANG_WARN_SUSPICIOUS_MOVE = YES;
				CLANG_WARN_UNGUARDED_AVAILABILITY = YES_AGGRESSIVE;
				CLANG_WARN_UNREACHABLE_CODE = YES;
				CLANG_WARN__DUPLICATE_METHOD_MATCH = YES;
				COPY_PHASE_STRIP = NO;
				DEBUG_INFORMATION_FORMAT = "dwarf-with-dsym";
				ENABLE_NS_ASSERTIONS = NO;
				ENABLE_STRICT_OBJC_MSGSEND = YES;
				GCC_C_LANGUAGE_STANDARD = gnu11;
				GCC_NO_COMMON_BLOCKS = YES;
				GCC_WARN_64_TO_32_BIT_CONVERSION = YES;
				GCC_WARN_ABOUT_RETURN_TYPE = YES_ERROR;
				GCC_WARN_UNDECLARED_SELECTOR = YES;
				GCC_WARN_UNINITIALIZED_AUTOS = YES_AGGRESSIVE;
				GCC_WARN_UNUSED_FUNCTION = YES;
				GCC_WARN_UNUSED_VARIABLE = YES;
				IPHONEOS_DEPLOYMENT_TARGET = 16.4;
				MTL_ENABLE_DEBUG_INFO = NO;
				MTL_FAST_MATH = YES;
				SDKROOT = iphoneos;
				SWIFT_COMPILATION_MODE = wholemodule;
				SWIFT_OPTIMIZATION_LEVEL = "-O";
				VALIDATE_PRODUCT = YES;
			};
			name = Release;
		};
		BE09E30A2A41F16C00EE64B5 /* Debug */ = {
			isa = XCBuildConfiguration;
			buildSettings = {
				ASSETCATALOG_COMPILER_APPICON_NAME = AppIcon;
				ASSETCATALOG_COMPILER_GLOBAL_ACCENT_COLOR_NAME = AccentColor;
				CODE_SIGN_STYLE = Automatic;
				CURRENT_PROJECT_VERSION = 1;
				DEVELOPMENT_ASSET_PATHS = "\"AsyncImageSample/Preview Content\"";
				DEVELOPMENT_TEAM = H999WST5QF;
				ENABLE_PREVIEWS = YES;
				GENERATE_INFOPLIST_FILE = YES;
				INFOPLIST_KEY_UIApplicationSceneManifest_Generation = YES;
				INFOPLIST_KEY_UIApplicationSupportsIndirectInputEvents = YES;
				INFOPLIST_KEY_UILaunchScreen_Generation = YES;
				INFOPLIST_KEY_UISupportedInterfaceOrientations_iPad = "UIInterfaceOrientationPortrait UIInterfaceOrientationPortraitUpsideDown UIInterfaceOrientationLandscapeLeft UIInterfaceOrientationLandscapeRight";
				INFOPLIST_KEY_UISupportedInterfaceOrientations_iPhone = "UIInterfaceOrientationPortrait UIInterfaceOrientationLandscapeLeft UIInterfaceOrientationLandscapeRight";
				LD_RUNPATH_SEARCH_PATHS = (
					"$(inherited)",
					"@executable_path/Frameworks",
				);
				MARKETING_VERSION = 1.0;
				PRODUCT_BUNDLE_IDENTIFIER = com.gmail.kennsuke242424.AsyncImageSample;
				PRODUCT_NAME = "$(TARGET_NAME)";
				SWIFT_EMIT_LOC_STRINGS = YES;
				SWIFT_VERSION = 5.0;
				TARGETED_DEVICE_FAMILY = "1,2";
			};
			name = Debug;
		};
		BE09E30B2A41F16C00EE64B5 /* Release */ = {
			isa = XCBuildConfiguration;
			buildSettings = {
				ASSETCATALOG_COMPILER_APPICON_NAME = AppIcon;
				ASSETCATALOG_COMPILER_GLOBAL_ACCENT_COLOR_NAME = AccentColor;
				CODE_SIGN_STYLE = Automatic;
				CURRENT_PROJECT_VERSION = 1;
				DEVELOPMENT_ASSET_PATHS = "\"AsyncImageSample/Preview Content\"";
				DEVELOPMENT_TEAM = H999WST5QF;
				ENABLE_PREVIEWS = YES;
				GENERATE_INFOPLIST_FILE = YES;
				INFOPLIST_KEY_UIApplicationSceneManifest_Generation = YES;
				INFOPLIST_KEY_UIApplicationSupportsIndirectInputEvents = YES;
				INFOPLIST_KEY_UILaunchScreen_Generation = YES;
				INFOPLIST_KEY_UISupportedInterfaceOrientations_iPad = "UIInterfaceOrientationPortrait UIInterfaceOrientationPortraitUpsideDown UIInterfaceOrientationLandscapeLeft UIInterfaceOrientationLandscapeRight";
				INFOPLIST_KEY_UISupportedInterfaceOrientations_iPhone = "UIInterfaceOrientationPortrait UIInterfaceOrientationLandscapeLeft UIInterfaceOrientationLandscapeRight";
				LD_RUNPATH_SEARCH_PATHS = (
					"$(inherited)",
					"@executable_path/Frameworks",
				);
				MARKETING_VERSION = 1.0;
				PRODUCT_BUNDLE_IDENTIFIER = com.gmail.kennsuke242424.AsyncImageSample;
				PRODUCT_NAME = "$(TARGET_NAME)";
				SWIFT_EMIT_LOC_STRINGS = YES;
				SWIFT_VERSION = 5.0;
				TARGETED_DEVICE_FAMILY = "1,2";
			};
			name = Release;
		};
/* End XCBuildConfiguration section */

/* Begin XCConfigurationList section */
		BE09E2F62A41F16A00EE64B5 /* Build configuration list for PBXProject "AsyncImageSample" */ = {
			isa = XCConfigurationList;
			buildConfigurations = (
				BE09E3072A41F16C00EE64B5 /* Debug */,
				BE09E3082A41F16C00EE64B5 /* Release */,
			);
			defaultConfigurationIsVisible = 0;
			defaultConfigurationName = Release;
		};
		BE09E3092A41F16C00EE64B5 /* Build configuration list for PBXNativeTarget "AsyncImageSample" */ = {
			isa = XCConfigurationList;
			buildConfigurations = (
				BE09E30A2A41F16C00EE64B5 /* Debug */,
				BE09E30B2A41F16C00EE64B5 /* Release */,
			);
			defaultConfigurationIsVisible = 0;
			defaultConfigurationName = Release;
		};
/* End XCConfigurationList section */
	};
	rootObject = BE09E2F32A41F16A00EE64B5 /* Project object */;
}
