// !$*UTF8*$!
{
	archiveVersion = 1;
	classes = {
	};
	objectVersion = 56;
	objects = {

/* Begin PBXBuildFile section */
		BE67752D2A930D68004A9A49 /* AlertSampleApp.swift in Sources */ = {isa = PBXBuildFile; fileRef = BE67752C2A930D68004A9A49 /* AlertSampleApp.swift */; };
		BE67752F2A930D68004A9A49 /* ContentView.swift in Sources */ = {isa = PBXBuildFile; fileRef = BE67752E2A930D68004A9A49 /* ContentView.swift */; };
		BE6775312A930D68004A9A49 /* Assets.xcassets in Resources */ = {isa = PBXBuildFile; fileRef = BE6775302A930D68004A9A49 /* Assets.xcassets */; };
		BE6775342A930D68004A9A49 /* Preview Assets.xcassets in Resources */ = {isa = PBXBuildFile; fileRef = BE6775332A930D68004A9A49 /* Preview Assets.xcassets */; };
		BE67753C2A930D88004A9A49 /* CustomDetailsAlert.swift in Sources */ = {isa = PBXBuildFile; fileRef = BE67753B2A930D88004A9A49 /* CustomDetailsAlert.swift */; };
		BE67753E2A931398004A9A49 /* DeprecatedAlert.swift in Sources */ = {isa = PBXBuildFile; fileRef = BE67753D2A931398004A9A49 /* DeprecatedAlert.swift */; };
		BE6775402A932CB4004A9A49 /* BasicAlert.swift in Sources */ = {isa = PBXBuildFile; fileRef = BE67753F2A932CB4004A9A49 /* BasicAlert.swift */; };
		BE6775422A933636004A9A49 /* CustomizeActionButtons.swift in Sources */ = {isa = PBXBuildFile; fileRef = BE6775412A933636004A9A49 /* CustomizeActionButtons.swift */; };
		BE6775442A945750004A9A49 /* AlertPositioningNotes.swift in Sources */ = {isa = PBXBuildFile; fileRef = BE6775432A945750004A9A49 /* AlertPositioningNotes.swift */; };
/* End PBXBuildFile section */

/* Begin PBXFileReference section */
		BE6775292A930D68004A9A49 /* AlertSample.app */ = {isa = PBXFileReference; explicitFileType = wrapper.application; includeInIndex = 0; path = AlertSample.app; sourceTree = BUILT_PRODUCTS_DIR; };
		BE67752C2A930D68004A9A49 /* AlertSampleApp.swift */ = {isa = PBXFileReference; lastKnownFileType = sourcecode.swift; path = AlertSampleApp.swift; sourceTree = "<group>"; };
		BE67752E2A930D68004A9A49 /* ContentView.swift */ = {isa = PBXFileReference; lastKnownFileType = sourcecode.swift; path = ContentView.swift; sourceTree = "<group>"; };
		BE6775302A930D68004A9A49 /* Assets.xcassets */ = {isa = PBXFileReference; lastKnownFileType = folder.assetcatalog; path = Assets.xcassets; sourceTree = "<group>"; };
		BE6775332A930D68004A9A49 /* Preview Assets.xcassets */ = {isa = PBXFileReference; lastKnownFileType = folder.assetcatalog; path = "Preview Assets.xcassets"; sourceTree = "<group>"; };
		BE67753B2A930D88004A9A49 /* CustomDetailsAlert.swift */ = {isa = PBXFileReference; lastKnownFileType = sourcecode.swift; path = CustomDetailsAlert.swift; sourceTree = "<group>"; };
		BE67753D2A931398004A9A49 /* DeprecatedAlert.swift */ = {isa = PBXFileReference; lastKnownFileType = sourcecode.swift; path = DeprecatedAlert.swift; sourceTree = "<group>"; };
		BE67753F2A932CB4004A9A49 /* BasicAlert.swift */ = {isa = PBXFileReference; lastKnownFileType = sourcecode.swift; path = BasicAlert.swift; sourceTree = "<group>"; };
		BE6775412A933636004A9A49 /* CustomizeActionButtons.swift */ = {isa = PBXFileReference; lastKnownFileType = sourcecode.swift; path = CustomizeActionButtons.swift; sourceTree = "<group>"; };
		BE6775432A945750004A9A49 /* AlertPositioningNotes.swift */ = {isa = PBXFileReference; lastKnownFileType = sourcecode.swift; path = AlertPositioningNotes.swift; sourceTree = "<group>"; };
/* End PBXFileReference section */

/* Begin PBXFrameworksBuildPhase section */
		BE6775262A930D68004A9A49 /* Frameworks */ = {
			isa = PBXFrameworksBuildPhase;
			buildActionMask = 2147483647;
			files = (
			);
			runOnlyForDeploymentPostprocessing = 0;
		};
/* End PBXFrameworksBuildPhase section */

/* Begin PBXGroup section */
		BE6775202A930D68004A9A49 = {
			isa = PBXGroup;
			children = (
				BE67752B2A930D68004A9A49 /* AlertSample */,
				BE67752A2A930D68004A9A49 /* Products */,
			);
			sourceTree = "<group>";
		};
		BE67752A2A930D68004A9A49 /* Products */ = {
			isa = PBXGroup;
			children = (
				BE6775292A930D68004A9A49 /* AlertSample.app */,
			);
			name = Products;
			sourceTree = "<group>";
		};
		BE67752B2A930D68004A9A49 /* AlertSample */ = {
			isa = PBXGroup;
			children = (
				BE67752C2A930D68004A9A49 /* AlertSampleApp.swift */,
				BE67752E2A930D68004A9A49 /* ContentView.swift */,
				BE67753A2A930D7B004A9A49 /* Views */,
				BE6775302A930D68004A9A49 /* Assets.xcassets */,
				BE6775322A930D68004A9A49 /* Preview Content */,
			);
			path = AlertSample;
			sourceTree = "<group>";
		};
		BE6775322A930D68004A9A49 /* Preview Content */ = {
			isa = PBXGroup;
			children = (
				BE6775332A930D68004A9A49 /* Preview Assets.xcassets */,
			);
			path = "Preview Content";
			sourceTree = "<group>";
		};
		BE67753A2A930D7B004A9A49 /* Views */ = {
			isa = PBXGroup;
			children = (
				BE67753F2A932CB4004A9A49 /* BasicAlert.swift */,
				BE67753D2A931398004A9A49 /* DeprecatedAlert.swift */,
				BE6775412A933636004A9A49 /* CustomizeActionButtons.swift */,
				BE67753B2A930D88004A9A49 /* CustomDetailsAlert.swift */,
				BE6775432A945750004A9A49 /* AlertPositioningNotes.swift */,
			);
			path = Views;
			sourceTree = "<group>";
		};
/* End PBXGroup section */

/* Begin PBXNativeTarget section */
		BE6775282A930D68004A9A49 /* AlertSample */ = {
			isa = PBXNativeTarget;
			buildConfigurationList = BE6775372A930D68004A9A49 /* Build configuration list for PBXNativeTarget "AlertSample" */;
			buildPhases = (
				BE6775252A930D68004A9A49 /* Sources */,
				BE6775262A930D68004A9A49 /* Frameworks */,
				BE6775272A930D68004A9A49 /* Resources */,
			);
			buildRules = (
			);
			dependencies = (
			);
			name = AlertSample;
			productName = AlertSample;
			productReference = BE6775292A930D68004A9A49 /* AlertSample.app */;
			productType = "com.apple.product-type.application";
		};
/* End PBXNativeTarget section */

/* Begin PBXProject section */
		BE6775212A930D68004A9A49 /* Project object */ = {
			isa = PBXProject;
			attributes = {
				BuildIndependentTargetsInParallel = 1;
				LastSwiftUpdateCheck = 1430;
				LastUpgradeCheck = 1430;
				TargetAttributes = {
					BE6775282A930D68004A9A49 = {
						CreatedOnToolsVersion = 14.3.1;
					};
				};
			};
			buildConfigurationList = BE6775242A930D68004A9A49 /* Build configuration list for PBXProject "AlertSample" */;
			compatibilityVersion = "Xcode 14.0";
			developmentRegion = en;
			hasScannedForEncodings = 0;
			knownRegions = (
				en,
				Base,
			);
			mainGroup = BE6775202A930D68004A9A49;
			productRefGroup = BE67752A2A930D68004A9A49 /* Products */;
			projectDirPath = "";
			projectRoot = "";
			targets = (
				BE6775282A930D68004A9A49 /* AlertSample */,
			);
		};
/* End PBXProject section */

/* Begin PBXResourcesBuildPhase section */
		BE6775272A930D68004A9A49 /* Resources */ = {
			isa = PBXResourcesBuildPhase;
			buildActionMask = 2147483647;
			files = (
				BE6775342A930D68004A9A49 /* Preview Assets.xcassets in Resources */,
				BE6775312A930D68004A9A49 /* Assets.xcassets in Resources */,
			);
			runOnlyForDeploymentPostprocessing = 0;
		};
/* End PBXResourcesBuildPhase section */

/* Begin PBXSourcesBuildPhase section */
		BE6775252A930D68004A9A49 /* Sources */ = {
			isa = PBXSourcesBuildPhase;
			buildActionMask = 2147483647;
			files = (
				BE6775422A933636004A9A49 /* CustomizeActionButtons.swift in Sources */,
				BE67752F2A930D68004A9A49 /* ContentView.swift in Sources */,
				BE6775442A945750004A9A49 /* AlertPositioningNotes.swift in Sources */,
				BE67753E2A931398004A9A49 /* DeprecatedAlert.swift in Sources */,
				BE6775402A932CB4004A9A49 /* BasicAlert.swift in Sources */,
				BE67753C2A930D88004A9A49 /* CustomDetailsAlert.swift in Sources */,
				BE67752D2A930D68004A9A49 /* AlertSampleApp.swift in Sources */,
			);
			runOnlyForDeploymentPostprocessing = 0;
		};
/* End PBXSourcesBuildPhase section */

/* Begin XCBuildConfiguration section */
		BE6775352A930D68004A9A49 /* Debug */ = {
			isa = XCBuildConfiguration;
			buildSettings = {
				ALWAYS_SEARCH_USER_PATHS = NO;
				CLANG_ANALYZER_NONNULL = YES;
				CLANG_ANALYZER_NUMBER_OBJECT_CONVERSION = YES_AGGRESSIVE;
				CLANG_CXX_LANGUAGE_STANDARD = "gnu++20";
				CLANG_ENABLE_MODULES = YES;
				CLANG_ENABLE_OBJC_ARC = YES;
				CLANG_ENABLE_OBJC_WEAK = YES;
				CLANG_WARN_BLOCK_CAPTURE_AUTORELEASING = YES;
				CLANG_WARN_BOOL_CONVERSION = YES;
				CLANG_WARN_COMMA = YES;
				CLANG_WARN_CONSTANT_CONVERSION = YES;
				CLANG_WARN_DEPRECATED_OBJC_IMPLEMENTATIONS = YES;
				CLANG_WARN_DIRECT_OBJC_ISA_USAGE = YES_ERROR;
				CLANG_WARN_DOCUMENTATION_COMMENTS = YES;
				CLANG_WARN_EMPTY_BODY = YES;
				CLANG_WARN_ENUM_CONVERSION = YES;
				CLANG_WARN_INFINITE_RECURSION = YES;
				CLANG_WARN_INT_CONVERSION = YES;
				CLANG_WARN_NON_LITERAL_NULL_CONVERSION = YES;
				CLANG_WARN_OBJC_IMPLICIT_RETAIN_SELF = YES;
				CLANG_WARN_OBJC_LITERAL_CONVERSION = YES;
				CLANG_WARN_OBJC_ROOT_CLASS = YES_ERROR;
				CLANG_WARN_QUOTED_INCLUDE_IN_FRAMEWORK_HEADER = YES;
				CLANG_WARN_RANGE_LOOP_ANALYSIS = YES;
				CLANG_WARN_STRICT_PROTOTYPES = YES;
				CLANG_WARN_SUSPICIOUS_MOVE = YES;
				CLANG_WARN_UNGUARDED_AVAILABILITY = YES_AGGRESSIVE;
				CLANG_WARN_UNREACHABLE_CODE = YES;
				CLANG_WARN__DUPLICATE_METHOD_MATCH = YES;
				COPY_PHASE_STRIP = NO;
				DEBUG_INFORMATION_FORMAT = dwarf;
				ENABLE_STRICT_OBJC_MSGSEND = YES;
				ENABLE_TESTABILITY = YES;
				GCC_C_LANGUAGE_STANDARD = gnu11;
				GCC_DYNAMIC_NO_PIC = NO;
				GCC_NO_COMMON_BLOCKS = YES;
				GCC_OPTIMIZATION_LEVEL = 0;
				GCC_PREPROCESSOR_DEFINITIONS = (
					"DEBUG=1",
					"$(inherited)",
				);
				GCC_WARN_64_TO_32_BIT_CONVERSION = YES;
				GCC_WARN_ABOUT_RETURN_TYPE = YES_ERROR;
				GCC_WARN_UNDECLARED_SELECTOR = YES;
				GCC_WARN_UNINITIALIZED_AUTOS = YES_AGGRESSIVE;
				GCC_WARN_UNUSED_FUNCTION = YES;
				GCC_WARN_UNUSED_VARIABLE = YES;
				IPHONEOS_DEPLOYMENT_TARGET = 16.4;
				MTL_ENABLE_DEBUG_INFO = INCLUDE_SOURCE;
				MTL_FAST_MATH = YES;
				ONLY_ACTIVE_ARCH = YES;
				SDKROOT = iphoneos;
				SWIFT_ACTIVE_COMPILATION_CONDITIONS = DEBUG;
				SWIFT_OPTIMIZATION_LEVEL = "-Onone";
			};
			name = Debug;
		};
		BE6775362A930D68004A9A49 /* Release */ = {
			isa = XCBuildConfiguration;
			buildSettings = {
				ALWAYS_SEARCH_USER_PATHS = NO;
				CLANG_ANALYZER_NONNULL = YES;
				CLANG_ANALYZER_NUMBER_OBJECT_CONVERSION = YES_AGGRESSIVE;
				CLANG_CXX_LANGUAGE_STANDARD = "gnu++20";
				CLANG_ENABLE_MODULES = YES;
				CLANG_ENABLE_OBJC_ARC = YES;
				CLANG_ENABLE_OBJC_WEAK = YES;
				CLANG_WARN_BLOCK_CAPTURE_AUTORELEASING = YES;
				CLANG_WARN_BOOL_CONVERSION = YES;
				CLANG_WARN_COMMA = YES;
				CLANG_WARN_CONSTANT_CONVERSION = YES;
				CLANG_WARN_DEPRECATED_OBJC_IMPLEMENTATIONS = YES;
				CLANG_WARN_DIRECT_OBJC_ISA_USAGE = YES_ERROR;
				CLANG_WARN_DOCUMENTATION_COMMENTS = YES;
				CLANG_WARN_EMPTY_BODY = YES;
				CLANG_WARN_ENUM_CONVERSION = YES;
				CLANG_WARN_INFINITE_RECURSION = YES;
				CLANG_WARN_INT_CONVERSION = YES;
				CLANG_WARN_NON_LITERAL_NULL_CONVERSION = YES;
				CLANG_WARN_OBJC_IMPLICIT_RETAIN_SELF = YES;
				CLANG_WARN_OBJC_LITERAL_CONVERSION = YES;
				CLANG_WARN_OBJC_ROOT_CLASS = YES_ERROR;
				CLANG_WARN_QUOTED_INCLUDE_IN_FRAMEWORK_HEADER = YES;
				CLANG_WARN_RANGE_LOOP_ANALYSIS = YES;
				CLANG_WARN_STRICT_PROTOTYPES = YES;
				CLANG_WARN_SUSPICIOUS_MOVE = YES;
				CLANG_WARN_UNGUARDED_AVAILABILITY = YES_AGGRESSIVE;
				CLANG_WARN_UNREACHABLE_CODE = YES;
				CLANG_WARN__DUPLICATE_METHOD_MATCH = YES;
				COPY_PHASE_STRIP = NO;
				DEBUG_INFORMATION_FORMAT = "dwarf-with-dsym";
				ENABLE_NS_ASSERTIONS = NO;
				ENABLE_STRICT_OBJC_MSGSEND = YES;
				GCC_C_LANGUAGE_STANDARD = gnu11;
				GCC_NO_COMMON_BLOCKS = YES;
				GCC_WARN_64_TO_32_BIT_CONVERSION = YES;
				GCC_WARN_ABOUT_RETURN_TYPE = YES_ERROR;
				GCC_WARN_UNDECLARED_SELECTOR = YES;
				GCC_WARN_UNINITIALIZED_AUTOS = YES_AGGRESSIVE;
				GCC_WARN_UNUSED_FUNCTION = YES;
				GCC_WARN_UNUSED_VARIABLE = YES;
				IPHONEOS_DEPLOYMENT_TARGET = 16.4;
				MTL_ENABLE_DEBUG_INFO = NO;
				MTL_FAST_MATH = YES;
				SDKROOT = iphoneos;
				SWIFT_COMPILATION_MODE = wholemodule;
				SWIFT_OPTIMIZATION_LEVEL = "-O";
				VALIDATE_PRODUCT = YES;
			};
			name = Release;
		};
		BE6775382A930D68004A9A49 /* Debug */ = {
			isa = XCBuildConfiguration;
			buildSettings = {
				ASSETCATALOG_COMPILER_APPICON_NAME = AppIcon;
				ASSETCATALOG_COMPILER_GLOBAL_ACCENT_COLOR_NAME = AccentColor;
				CODE_SIGN_STYLE = Automatic;
				CURRENT_PROJECT_VERSION = 1;
				DEVELOPMENT_ASSET_PATHS = "\"AlertSample/Preview Content\"";
				DEVELOPMENT_TEAM = H999WST5QF;
				ENABLE_PREVIEWS = YES;
				GENERATE_INFOPLIST_FILE = YES;
				INFOPLIST_KEY_UIApplicationSceneManifest_Generation = YES;
				INFOPLIST_KEY_UIApplicationSupportsIndirectInputEvents = YES;
				INFOPLIST_KEY_UILaunchScreen_Generation = YES;
				INFOPLIST_KEY_UISupportedInterfaceOrientations_iPad = "UIInterfaceOrientationPortrait UIInterfaceOrientationPortraitUpsideDown UIInterfaceOrientationLandscapeLeft UIInterfaceOrientationLandscapeRight";
				INFOPLIST_KEY_UISupportedInterfaceOrientations_iPhone = "UIInterfaceOrientationPortrait UIInterfaceOrientationLandscapeLeft UIInterfaceOrientationLandscapeRight";
				LD_RUNPATH_SEARCH_PATHS = (
					"$(inherited)",
					"@executable_path/Frameworks",
				);
				MARKETING_VERSION = 1.0;
				PRODUCT_BUNDLE_IDENTIFIER = com.gmail.kennsuke242424.AlertSample;
				PRODUCT_NAME = "$(TARGET_NAME)";
				SWIFT_EMIT_LOC_STRINGS = YES;
				SWIFT_VERSION = 5.0;
				TARGETED_DEVICE_FAMILY = "1,2";
			};
			name = Debug;
		};
		BE6775392A930D68004A9A49 /* Release */ = {
			isa = XCBuildConfiguration;
			buildSettings = {
				ASSETCATALOG_COMPILER_APPICON_NAME = AppIcon;
				ASSETCATALOG_COMPILER_GLOBAL_ACCENT_COLOR_NAME = AccentColor;
				CODE_SIGN_STYLE = Automatic;
				CURRENT_PROJECT_VERSION = 1;
				DEVELOPMENT_ASSET_PATHS = "\"AlertSample/Preview Content\"";
				DEVELOPMENT_TEAM = H999WST5QF;
				ENABLE_PREVIEWS = YES;
				GENERATE_INFOPLIST_FILE = YES;
				INFOPLIST_KEY_UIApplicationSceneManifest_Generation = YES;
				INFOPLIST_KEY_UIApplicationSupportsIndirectInputEvents = YES;
				INFOPLIST_KEY_UILaunchScreen_Generation = YES;
				INFOPLIST_KEY_UISupportedInterfaceOrientations_iPad = "UIInterfaceOrientationPortrait UIInterfaceOrientationPortraitUpsideDown UIInterfaceOrientationLandscapeLeft UIInterfaceOrientationLandscapeRight";
				INFOPLIST_KEY_UISupportedInterfaceOrientations_iPhone = "UIInterfaceOrientationPortrait UIInterfaceOrientationLandscapeLeft UIInterfaceOrientationLandscapeRight";
				LD_RUNPATH_SEARCH_PATHS = (
					"$(inherited)",
					"@executable_path/Frameworks",
				);
				MARKETING_VERSION = 1.0;
				PRODUCT_BUNDLE_IDENTIFIER = com.gmail.kennsuke242424.AlertSample;
				PRODUCT_NAME = "$(TARGET_NAME)";
				SWIFT_EMIT_LOC_STRINGS = YES;
				SWIFT_VERSION = 5.0;
				TARGETED_DEVICE_FAMILY = "1,2";
			};
			name = Release;
		};
/* End XCBuildConfiguration section */

/* Begin XCConfigurationList section */
		BE6775242A930D68004A9A49 /* Build configuration list for PBXProject "AlertSample" */ = {
			isa = XCConfigurationList;
			buildConfigurations = (
				BE6775352A930D68004A9A49 /* Debug */,
				BE6775362A930D68004A9A49 /* Release */,
			);
			defaultConfigurationIsVisible = 0;
			defaultConfigurationName = Release;
		};
		BE6775372A930D68004A9A49 /* Build configuration list for PBXNativeTarget "AlertSample" */ = {
			isa = XCConfigurationList;
			buildConfigurations = (
				BE6775382A930D68004A9A49 /* Debug */,
				BE6775392A930D68004A9A49 /* Release */,
			);
			defaultConfigurationIsVisible = 0;
			defaultConfigurationName = Release;
		};
/* End XCConfigurationList section */
	};
	rootObject = BE6775212A930D68004A9A49 /* Project object */;
}
