// !$*UTF8*$!
{
	archiveVersion = 1;
	classes = {
	};
	objectVersion = 56;
	objects = {

/* Begin PBXBuildFile section */
		BE07F1422A26FC55007ED1C4 /* NavigationStackSampleApp.swift in Sources */ = {isa = PBXBuildFile; fileRef = BE07F1412A26FC55007ED1C4 /* NavigationStackSampleApp.swift */; };
		BE07F1442A26FC55007ED1C4 /* ContentView.swift in Sources */ = {isa = PBXBuildFile; fileRef = BE07F1432A26FC55007ED1C4 /* ContentView.swift */; };
		BE07F1462A26FC56007ED1C4 /* Assets.xcassets in Resources */ = {isa = PBXBuildFile; fileRef = BE07F1452A26FC56007ED1C4 /* Assets.xcassets */; };
		BE07F1492A26FC56007ED1C4 /* Preview Assets.xcassets in Resources */ = {isa = PBXBuildFile; fileRef = BE07F1482A26FC56007ED1C4 /* Preview Assets.xcassets */; };
		BE07F1982A282503007ED1C4 /* BasicNavigatitonStackView.swift in Sources */ = {isa = PBXBuildFile; fileRef = BE07F1972A282503007ED1C4 /* BasicNavigatitonStackView.swift */; };
		BEB6699D2A29A787008FC9DE /* EnumSwithingNavigationView.swift in Sources */ = {isa = PBXBuildFile; fileRef = BEB6699C2A29A787008FC9DE /* EnumSwithingNavigationView.swift */; };
		BEB6699F2A29CA8C008FC9DE /* DrillDownNavigationView.swift in Sources */ = {isa = PBXBuildFile; fileRef = BEB6699E2A29CA8C008FC9DE /* DrillDownNavigationView.swift */; };
		BEB669A52A2C07D1008FC9DE /* NavigationDestinationView.swift in Sources */ = {isa = PBXBuildFile; fileRef = BEB669A42A2C07D1008FC9DE /* NavigationDestinationView.swift */; };
/* End PBXBuildFile section */

/* Begin PBXFileReference section */
		BE07F13E2A26FC55007ED1C4 /* NavigationStackSample.app */ = {isa = PBXFileReference; explicitFileType = wrapper.application; includeInIndex = 0; path = NavigationStackSample.app; sourceTree = BUILT_PRODUCTS_DIR; };
		BE07F1412A26FC55007ED1C4 /* NavigationStackSampleApp.swift */ = {isa = PBXFileReference; lastKnownFileType = sourcecode.swift; path = NavigationStackSampleApp.swift; sourceTree = "<group>"; };
		BE07F1432A26FC55007ED1C4 /* ContentView.swift */ = {isa = PBXFileReference; lastKnownFileType = sourcecode.swift; path = ContentView.swift; sourceTree = "<group>"; };
		BE07F1452A26FC56007ED1C4 /* Assets.xcassets */ = {isa = PBXFileReference; lastKnownFileType = folder.assetcatalog; path = Assets.xcassets; sourceTree = "<group>"; };
		BE07F1482A26FC56007ED1C4 /* Preview Assets.xcassets */ = {isa = PBXFileReference; lastKnownFileType = folder.assetcatalog; path = "Preview Assets.xcassets"; sourceTree = "<group>"; };
		BE07F1972A282503007ED1C4 /* BasicNavigatitonStackView.swift */ = {isa = PBXFileReference; lastKnownFileType = sourcecode.swift; path = BasicNavigatitonStackView.swift; sourceTree = "<group>"; };
		BEB6699C2A29A787008FC9DE /* EnumSwithingNavigationView.swift */ = {isa = PBXFileReference; lastKnownFileType = sourcecode.swift; path = EnumSwithingNavigationView.swift; sourceTree = "<group>"; };
		BEB6699E2A29CA8C008FC9DE /* DrillDownNavigationView.swift */ = {isa = PBXFileReference; lastKnownFileType = sourcecode.swift; path = DrillDownNavigationView.swift; sourceTree = "<group>"; };
		BEB669A42A2C07D1008FC9DE /* NavigationDestinationView.swift */ = {isa = PBXFileReference; lastKnownFileType = sourcecode.swift; path = NavigationDestinationView.swift; sourceTree = "<group>"; };
/* End PBXFileReference section */

/* Begin PBXFrameworksBuildPhase section */
		BE07F13B2A26FC55007ED1C4 /* Frameworks */ = {
			isa = PBXFrameworksBuildPhase;
			buildActionMask = 2147483647;
			files = (
			);
			runOnlyForDeploymentPostprocessing = 0;
		};
/* End PBXFrameworksBuildPhase section */

/* Begin PBXGroup section */
		BE07F1352A26FC55007ED1C4 = {
			isa = PBXGroup;
			children = (
				BE07F1402A26FC55007ED1C4 /* NavigationStackSample */,
				BE07F13F2A26FC55007ED1C4 /* Products */,
			);
			sourceTree = "<group>";
		};
		BE07F13F2A26FC55007ED1C4 /* Products */ = {
			isa = PBXGroup;
			children = (
				BE07F13E2A26FC55007ED1C4 /* NavigationStackSample.app */,
			);
			name = Products;
			sourceTree = "<group>";
		};
		BE07F1402A26FC55007ED1C4 /* NavigationStackSample */ = {
			isa = PBXGroup;
			children = (
				BE07F1412A26FC55007ED1C4 /* NavigationStackSampleApp.swift */,
				BE07F1432A26FC55007ED1C4 /* ContentView.swift */,
				BE07F1972A282503007ED1C4 /* BasicNavigatitonStackView.swift */,
				BEB669A42A2C07D1008FC9DE /* NavigationDestinationView.swift */,
				BEB6699C2A29A787008FC9DE /* EnumSwithingNavigationView.swift */,
				BEB6699E2A29CA8C008FC9DE /* DrillDownNavigationView.swift */,
				BE07F1452A26FC56007ED1C4 /* Assets.xcassets */,
				BE07F1472A26FC56007ED1C4 /* Preview Content */,
			);
			path = NavigationStackSample;
			sourceTree = "<group>";
		};
		BE07F1472A26FC56007ED1C4 /* Preview Content */ = {
			isa = PBXGroup;
			children = (
				BE07F1482A26FC56007ED1C4 /* Preview Assets.xcassets */,
			);
			path = "Preview Content";
			sourceTree = "<group>";
		};
/* End PBXGroup section */

/* Begin PBXNativeTarget section */
		BE07F13D2A26FC55007ED1C4 /* NavigationStackSample */ = {
			isa = PBXNativeTarget;
			buildConfigurationList = BE07F14C2A26FC56007ED1C4 /* Build configuration list for PBXNativeTarget "NavigationStackSample" */;
			buildPhases = (
				BE07F13A2A26FC55007ED1C4 /* Sources */,
				BE07F13B2A26FC55007ED1C4 /* Frameworks */,
				BE07F13C2A26FC55007ED1C4 /* Resources */,
			);
			buildRules = (
			);
			dependencies = (
			);
			name = NavigationStackSample;
			productName = NavigationStackSample;
			productReference = BE07F13E2A26FC55007ED1C4 /* NavigationStackSample.app */;
			productType = "com.apple.product-type.application";
		};
/* End PBXNativeTarget section */

/* Begin PBXProject section */
		BE07F1362A26FC55007ED1C4 /* Project object */ = {
			isa = PBXProject;
			attributes = {
				BuildIndependentTargetsInParallel = 1;
				LastSwiftUpdateCheck = 1430;
				LastUpgradeCheck = 1430;
				TargetAttributes = {
					BE07F13D2A26FC55007ED1C4 = {
						CreatedOnToolsVersion = 14.3;
					};
				};
			};
			buildConfigurationList = BE07F1392A26FC55007ED1C4 /* Build configuration list for PBXProject "NavigationStackSample" */;
			compatibilityVersion = "Xcode 14.0";
			developmentRegion = en;
			hasScannedForEncodings = 0;
			knownRegions = (
				en,
				Base,
			);
			mainGroup = BE07F1352A26FC55007ED1C4;
			productRefGroup = BE07F13F2A26FC55007ED1C4 /* Products */;
			projectDirPath = "";
			projectRoot = "";
			targets = (
				BE07F13D2A26FC55007ED1C4 /* NavigationStackSample */,
			);
		};
/* End PBXProject section */

/* Begin PBXResourcesBuildPhase section */
		BE07F13C2A26FC55007ED1C4 /* Resources */ = {
			isa = PBXResourcesBuildPhase;
			buildActionMask = 2147483647;
			files = (
				BE07F1492A26FC56007ED1C4 /* Preview Assets.xcassets in Resources */,
				BE07F1462A26FC56007ED1C4 /* Assets.xcassets in Resources */,
			);
			runOnlyForDeploymentPostprocessing = 0;
		};
/* End PBXResourcesBuildPhase section */

/* Begin PBXSourcesBuildPhase section */
		BE07F13A2A26FC55007ED1C4 /* Sources */ = {
			isa = PBXSourcesBuildPhase;
			buildActionMask = 2147483647;
			files = (
				BEB6699F2A29CA8C008FC9DE /* DrillDownNavigationView.swift in Sources */,
				BE07F1982A282503007ED1C4 /* BasicNavigatitonStackView.swift in Sources */,
				BE07F1442A26FC55007ED1C4 /* ContentView.swift in Sources */,
				BEB6699D2A29A787008FC9DE /* EnumSwithingNavigationView.swift in Sources */,
				BE07F1422A26FC55007ED1C4 /* NavigationStackSampleApp.swift in Sources */,
				BEB669A52A2C07D1008FC9DE /* NavigationDestinationView.swift in Sources */,
			);
			runOnlyForDeploymentPostprocessing = 0;
		};
/* End PBXSourcesBuildPhase section */

/* Begin XCBuildConfiguration section */
		BE07F14A2A26FC56007ED1C4 /* Debug */ = {
			isa = XCBuildConfiguration;
			buildSettings = {
				ALWAYS_SEARCH_USER_PATHS = NO;
				CLANG_ANALYZER_NONNULL = YES;
				CLANG_ANALYZER_NUMBER_OBJECT_CONVERSION = YES_AGGRESSIVE;
				CLANG_CXX_LANGUAGE_STANDARD = "gnu++20";
				CLANG_ENABLE_MODULES = YES;
				CLANG_ENABLE_OBJC_ARC = YES;
				CLANG_ENABLE_OBJC_WEAK = YES;
				CLANG_WARN_BLOCK_CAPTURE_AUTORELEASING = YES;
				CLANG_WARN_BOOL_CONVERSION = YES;
				CLANG_WARN_COMMA = YES;
				CLANG_WARN_CONSTANT_CONVERSION = YES;
				CLANG_WARN_DEPRECATED_OBJC_IMPLEMENTATIONS = YES;
				CLANG_WARN_DIRECT_OBJC_ISA_USAGE = YES_ERROR;
				CLANG_WARN_DOCUMENTATION_COMMENTS = YES;
				CLANG_WARN_EMPTY_BODY = YES;
				CLANG_WARN_ENUM_CONVERSION = YES;
				CLANG_WARN_INFINITE_RECURSION = YES;
				CLANG_WARN_INT_CONVERSION = YES;
				CLANG_WARN_NON_LITERAL_NULL_CONVERSION = YES;
				CLANG_WARN_OBJC_IMPLICIT_RETAIN_SELF = YES;
				CLANG_WARN_OBJC_LITERAL_CONVERSION = YES;
				CLANG_WARN_OBJC_ROOT_CLASS = YES_ERROR;
				CLANG_WARN_QUOTED_INCLUDE_IN_FRAMEWORK_HEADER = YES;
				CLANG_WARN_RANGE_LOOP_ANALYSIS = YES;
				CLANG_WARN_STRICT_PROTOTYPES = YES;
				CLANG_WARN_SUSPICIOUS_MOVE = YES;
				CLANG_WARN_UNGUARDED_AVAILABILITY = YES_AGGRESSIVE;
				CLANG_WARN_UNREACHABLE_CODE = YES;
				CLANG_WARN__DUPLICATE_METHOD_MATCH = YES;
				COPY_PHASE_STRIP = NO;
				DEBUG_INFORMATION_FORMAT = dwarf;
				ENABLE_STRICT_OBJC_MSGSEND = YES;
				ENABLE_TESTABILITY = YES;
				GCC_C_LANGUAGE_STANDARD = gnu11;
				GCC_DYNAMIC_NO_PIC = NO;
				GCC_NO_COMMON_BLOCKS = YES;
				GCC_OPTIMIZATION_LEVEL = 0;
				GCC_PREPROCESSOR_DEFINITIONS = (
					"DEBUG=1",
					"$(inherited)",
				);
				GCC_WARN_64_TO_32_BIT_CONVERSION = YES;
				GCC_WARN_ABOUT_RETURN_TYPE = YES_ERROR;
				GCC_WARN_UNDECLARED_SELECTOR = YES;
				GCC_WARN_UNINITIALIZED_AUTOS = YES_AGGRESSIVE;
				GCC_WARN_UNUSED_FUNCTION = YES;
				GCC_WARN_UNUSED_VARIABLE = YES;
				IPHONEOS_DEPLOYMENT_TARGET = 16.4;
				MTL_ENABLE_DEBUG_INFO = INCLUDE_SOURCE;
				MTL_FAST_MATH = YES;
				ONLY_ACTIVE_ARCH = YES;
				SDKROOT = iphoneos;
				SWIFT_ACTIVE_COMPILATION_CONDITIONS = DEBUG;
				SWIFT_OPTIMIZATION_LEVEL = "-Onone";
			};
			name = Debug;
		};
		BE07F14B2A26FC56007ED1C4 /* Release */ = {
			isa = XCBuildConfiguration;
			buildSettings = {
				ALWAYS_SEARCH_USER_PATHS = NO;
				CLANG_ANALYZER_NONNULL = YES;
				CLANG_ANALYZER_NUMBER_OBJECT_CONVERSION = YES_AGGRESSIVE;
				CLANG_CXX_LANGUAGE_STANDARD = "gnu++20";
				CLANG_ENABLE_MODULES = YES;
				CLANG_ENABLE_OBJC_ARC = YES;
				CLANG_ENABLE_OBJC_WEAK = YES;
				CLANG_WARN_BLOCK_CAPTURE_AUTORELEASING = YES;
				CLANG_WARN_BOOL_CONVERSION = YES;
				CLANG_WARN_COMMA = YES;
				CLANG_WARN_CONSTANT_CONVERSION = YES;
				CLANG_WARN_DEPRECATED_OBJC_IMPLEMENTATIONS = YES;
				CLANG_WARN_DIRECT_OBJC_ISA_USAGE = YES_ERROR;
				CLANG_WARN_DOCUMENTATION_COMMENTS = YES;
				CLANG_WARN_EMPTY_BODY = YES;
				CLANG_WARN_ENUM_CONVERSION = YES;
				CLANG_WARN_INFINITE_RECURSION = YES;
				CLANG_WARN_INT_CONVERSION = YES;
				CLANG_WARN_NON_LITERAL_NULL_CONVERSION = YES;
				CLANG_WARN_OBJC_IMPLICIT_RETAIN_SELF = YES;
				CLANG_WARN_OBJC_LITERAL_CONVERSION = YES;
				CLANG_WARN_OBJC_ROOT_CLASS = YES_ERROR;
				CLANG_WARN_QUOTED_INCLUDE_IN_FRAMEWORK_HEADER = YES;
				CLANG_WARN_RANGE_LOOP_ANALYSIS = YES;
				CLANG_WARN_STRICT_PROTOTYPES = YES;
				CLANG_WARN_SUSPICIOUS_MOVE = YES;
				CLANG_WARN_UNGUARDED_AVAILABILITY = YES_AGGRESSIVE;
				CLANG_WARN_UNREACHABLE_CODE = YES;
				CLANG_WARN__DUPLICATE_METHOD_MATCH = YES;
				COPY_PHASE_STRIP = NO;
				DEBUG_INFORMATION_FORMAT = "dwarf-with-dsym";
				ENABLE_NS_ASSERTIONS = NO;
				ENABLE_STRICT_OBJC_MSGSEND = YES;
				GCC_C_LANGUAGE_STANDARD = gnu11;
				GCC_NO_COMMON_BLOCKS = YES;
				GCC_WARN_64_TO_32_BIT_CONVERSION = YES;
				GCC_WARN_ABOUT_RETURN_TYPE = YES_ERROR;
				GCC_WARN_UNDECLARED_SELECTOR = YES;
				GCC_WARN_UNINITIALIZED_AUTOS = YES_AGGRESSIVE;
				GCC_WARN_UNUSED_FUNCTION = YES;
				GCC_WARN_UNUSED_VARIABLE = YES;
				IPHONEOS_DEPLOYMENT_TARGET = 16.4;
				MTL_ENABLE_DEBUG_INFO = NO;
				MTL_FAST_MATH = YES;
				SDKROOT = iphoneos;
				SWIFT_COMPILATION_MODE = wholemodule;
				SWIFT_OPTIMIZATION_LEVEL = "-O";
				VALIDATE_PRODUCT = YES;
			};
			name = Release;
		};
		BE07F14D2A26FC56007ED1C4 /* Debug */ = {
			isa = XCBuildConfiguration;
			buildSettings = {
				ASSETCATALOG_COMPILER_APPICON_NAME = AppIcon;
				ASSETCATALOG_COMPILER_GLOBAL_ACCENT_COLOR_NAME = AccentColor;
				CODE_SIGN_STYLE = Automatic;
				CURRENT_PROJECT_VERSION = 1;
				DEVELOPMENT_ASSET_PATHS = "\"NavigationStackSample/Preview Content\"";
				DEVELOPMENT_TEAM = H999WST5QF;
				ENABLE_PREVIEWS = YES;
				GENERATE_INFOPLIST_FILE = YES;
				INFOPLIST_KEY_UIApplicationSceneManifest_Generation = YES;
				INFOPLIST_KEY_UIApplicationSupportsIndirectInputEvents = YES;
				INFOPLIST_KEY_UILaunchScreen_Generation = YES;
				INFOPLIST_KEY_UISupportedInterfaceOrientations_iPad = "UIInterfaceOrientationPortrait UIInterfaceOrientationPortraitUpsideDown UIInterfaceOrientationLandscapeLeft UIInterfaceOrientationLandscapeRight";
				INFOPLIST_KEY_UISupportedInterfaceOrientations_iPhone = "UIInterfaceOrientationPortrait UIInterfaceOrientationLandscapeLeft UIInterfaceOrientationLandscapeRight";
				LD_RUNPATH_SEARCH_PATHS = (
					"$(inherited)",
					"@executable_path/Frameworks",
				);
				MARKETING_VERSION = 1.0;
				PRODUCT_BUNDLE_IDENTIFIER = com.gmail.kennsuke242424.NavigationStackSample;
				PRODUCT_NAME = "$(TARGET_NAME)";
				SWIFT_EMIT_LOC_STRINGS = YES;
				SWIFT_VERSION = 5.0;
				TARGETED_DEVICE_FAMILY = "1,2";
			};
			name = Debug;
		};
		BE07F14E2A26FC56007ED1C4 /* Release */ = {
			isa = XCBuildConfiguration;
			buildSettings = {
				ASSETCATALOG_COMPILER_APPICON_NAME = AppIcon;
				ASSETCATALOG_COMPILER_GLOBAL_ACCENT_COLOR_NAME = AccentColor;
				CODE_SIGN_STYLE = Automatic;
				CURRENT_PROJECT_VERSION = 1;
				DEVELOPMENT_ASSET_PATHS = "\"NavigationStackSample/Preview Content\"";
				DEVELOPMENT_TEAM = H999WST5QF;
				ENABLE_PREVIEWS = YES;
				GENERATE_INFOPLIST_FILE = YES;
				INFOPLIST_KEY_UIApplicationSceneManifest_Generation = YES;
				INFOPLIST_KEY_UIApplicationSupportsIndirectInputEvents = YES;
				INFOPLIST_KEY_UILaunchScreen_Generation = YES;
				INFOPLIST_KEY_UISupportedInterfaceOrientations_iPad = "UIInterfaceOrientationPortrait UIInterfaceOrientationPortraitUpsideDown UIInterfaceOrientationLandscapeLeft UIInterfaceOrientationLandscapeRight";
				INFOPLIST_KEY_UISupportedInterfaceOrientations_iPhone = "UIInterfaceOrientationPortrait UIInterfaceOrientationLandscapeLeft UIInterfaceOrientationLandscapeRight";
				LD_RUNPATH_SEARCH_PATHS = (
					"$(inherited)",
					"@executable_path/Frameworks",
				);
				MARKETING_VERSION = 1.0;
				PRODUCT_BUNDLE_IDENTIFIER = com.gmail.kennsuke242424.NavigationStackSample;
				PRODUCT_NAME = "$(TARGET_NAME)";
				SWIFT_EMIT_LOC_STRINGS = YES;
				SWIFT_VERSION = 5.0;
				TARGETED_DEVICE_FAMILY = "1,2";
			};
			name = Release;
		};
/* End XCBuildConfiguration section */

/* Begin XCConfigurationList section */
		BE07F1392A26FC55007ED1C4 /* Build configuration list for PBXProject "NavigationStackSample" */ = {
			isa = XCConfigurationList;
			buildConfigurations = (
				BE07F14A2A26FC56007ED1C4 /* Debug */,
				BE07F14B2A26FC56007ED1C4 /* Release */,
			);
			defaultConfigurationIsVisible = 0;
			defaultConfigurationName = Release;
		};
		BE07F14C2A26FC56007ED1C4 /* Build configuration list for PBXNativeTarget "NavigationStackSample" */ = {
			isa = XCConfigurationList;
			buildConfigurations = (
				BE07F14D2A26FC56007ED1C4 /* Debug */,
				BE07F14E2A26FC56007ED1C4 /* Release */,
			);
			defaultConfigurationIsVisible = 0;
			defaultConfigurationName = Release;
		};
/* End XCConfigurationList section */
	};
	rootObject = BE07F1362A26FC55007ED1C4 /* Project object */;
}
