// !$*UTF8*$!
{
	archiveVersion = 1;
	classes = {
	};
	objectVersion = 56;
	objects = {

/* Begin PBXBuildFile section */
		BEDC8FF02A5904B50079F2C8 /* ImageRendererSampleApp.swift in Sources */ = {isa = PBXBuildFile; fileRef = BEDC8FEF2A5904B50079F2C8 /* ImageRendererSampleApp.swift */; };
		BEDC8FF22A5904B50079F2C8 /* ContentView.swift in Sources */ = {isa = PBXBuildFile; fileRef = BEDC8FF12A5904B50079F2C8 /* ContentView.swift */; };
		BEDC8FF42A5904B50079F2C8 /* Assets.xcassets in Resources */ = {isa = PBXBuildFile; fileRef = BEDC8FF32A5904B50079F2C8 /* Assets.xcassets */; };
		BEDC8FF72A5904B50079F2C8 /* Preview Assets.xcassets in Resources */ = {isa = PBXBuildFile; fileRef = BEDC8FF62A5904B50079F2C8 /* Preview Assets.xcassets */; };
		BEDC8FFF2A5904DB0079F2C8 /* BasicImageRenderer.swift in Sources */ = {isa = PBXBuildFile; fileRef = BEDC8FFE2A5904DB0079F2C8 /* BasicImageRenderer.swift */; };
		BEDC90012A5BDF830079F2C8 /* AchievementRendererView.swift in Sources */ = {isa = PBXBuildFile; fileRef = BEDC90002A5BDF830079F2C8 /* AchievementRendererView.swift */; };
/* End PBXBuildFile section */

/* Begin PBXFileReference section */
		BEDC8FEC2A5904B50079F2C8 /* ImageRendererSample.app */ = {isa = PBXFileReference; explicitFileType = wrapper.application; includeInIndex = 0; path = ImageRendererSample.app; sourceTree = BUILT_PRODUCTS_DIR; };
		BEDC8FEF2A5904B50079F2C8 /* ImageRendererSampleApp.swift */ = {isa = PBXFileReference; lastKnownFileType = sourcecode.swift; path = ImageRendererSampleApp.swift; sourceTree = "<group>"; };
		BEDC8FF12A5904B50079F2C8 /* ContentView.swift */ = {isa = PBXFileReference; lastKnownFileType = sourcecode.swift; path = ContentView.swift; sourceTree = "<group>"; };
		BEDC8FF32A5904B50079F2C8 /* Assets.xcassets */ = {isa = PBXFileReference; lastKnownFileType = folder.assetcatalog; path = Assets.xcassets; sourceTree = "<group>"; };
		BEDC8FF62A5904B50079F2C8 /* Preview Assets.xcassets */ = {isa = PBXFileReference; lastKnownFileType = folder.assetcatalog; path = "Preview Assets.xcassets"; sourceTree = "<group>"; };
		BEDC8FFE2A5904DB0079F2C8 /* BasicImageRenderer.swift */ = {isa = PBXFileReference; lastKnownFileType = sourcecode.swift; path = BasicImageRenderer.swift; sourceTree = "<group>"; };
		BEDC90002A5BDF830079F2C8 /* AchievementRendererView.swift */ = {isa = PBXFileReference; lastKnownFileType = sourcecode.swift; path = AchievementRendererView.swift; sourceTree = "<group>"; };
/* End PBXFileReference section */

/* Begin PBXFrameworksBuildPhase section */
		BEDC8FE92A5904B40079F2C8 /* Frameworks */ = {
			isa = PBXFrameworksBuildPhase;
			buildActionMask = 2147483647;
			files = (
			);
			runOnlyForDeploymentPostprocessing = 0;
		};
/* End PBXFrameworksBuildPhase section */

/* Begin PBXGroup section */
		BEDC8FE32A5904B40079F2C8 = {
			isa = PBXGroup;
			children = (
				BEDC8FEE2A5904B50079F2C8 /* ImageRendererSample */,
				BEDC8FED2A5904B50079F2C8 /* Products */,
			);
			sourceTree = "<group>";
		};
		BEDC8FED2A5904B50079F2C8 /* Products */ = {
			isa = PBXGroup;
			children = (
				BEDC8FEC2A5904B50079F2C8 /* ImageRendererSample.app */,
			);
			name = Products;
			sourceTree = "<group>";
		};
		BEDC8FEE2A5904B50079F2C8 /* ImageRendererSample */ = {
			isa = PBXGroup;
			children = (
				BEDC8FEF2A5904B50079F2C8 /* ImageRendererSampleApp.swift */,
				BEDC8FF12A5904B50079F2C8 /* ContentView.swift */,
				BEDC8FFD2A5904CA0079F2C8 /* Views */,
				BEDC8FF32A5904B50079F2C8 /* Assets.xcassets */,
				BEDC8FF52A5904B50079F2C8 /* Preview Content */,
			);
			path = ImageRendererSample;
			sourceTree = "<group>";
		};
		BEDC8FF52A5904B50079F2C8 /* Preview Content */ = {
			isa = PBXGroup;
			children = (
				BEDC8FF62A5904B50079F2C8 /* Preview Assets.xcassets */,
			);
			path = "Preview Content";
			sourceTree = "<group>";
		};
		BEDC8FFD2A5904CA0079F2C8 /* Views */ = {
			isa = PBXGroup;
			children = (
				BEDC8FFE2A5904DB0079F2C8 /* BasicImageRenderer.swift */,
				BEDC90002A5BDF830079F2C8 /* AchievementRendererView.swift */,
			);
			path = Views;
			sourceTree = "<group>";
		};
/* End PBXGroup section */

/* Begin PBXNativeTarget section */
		BEDC8FEB2A5904B40079F2C8 /* ImageRendererSample */ = {
			isa = PBXNativeTarget;
			buildConfigurationList = BEDC8FFA2A5904B50079F2C8 /* Build configuration list for PBXNativeTarget "ImageRendererSample" */;
			buildPhases = (
				BEDC8FE82A5904B40079F2C8 /* Sources */,
				BEDC8FE92A5904B40079F2C8 /* Frameworks */,
				BEDC8FEA2A5904B40079F2C8 /* Resources */,
			);
			buildRules = (
			);
			dependencies = (
			);
			name = ImageRendererSample;
			productName = ImageRendererSample;
			productReference = BEDC8FEC2A5904B50079F2C8 /* ImageRendererSample.app */;
			productType = "com.apple.product-type.application";
		};
/* End PBXNativeTarget section */

/* Begin PBXProject section */
		BEDC8FE42A5904B40079F2C8 /* Project object */ = {
			isa = PBXProject;
			attributes = {
				BuildIndependentTargetsInParallel = 1;
				LastSwiftUpdateCheck = 1430;
				LastUpgradeCheck = 1430;
				TargetAttributes = {
					BEDC8FEB2A5904B40079F2C8 = {
						CreatedOnToolsVersion = 14.3.1;
					};
				};
			};
			buildConfigurationList = BEDC8FE72A5904B40079F2C8 /* Build configuration list for PBXProject "ImageRendererSample" */;
			compatibilityVersion = "Xcode 14.0";
			developmentRegion = en;
			hasScannedForEncodings = 0;
			knownRegions = (
				en,
				Base,
			);
			mainGroup = BEDC8FE32A5904B40079F2C8;
			productRefGroup = BEDC8FED2A5904B50079F2C8 /* Products */;
			projectDirPath = "";
			projectRoot = "";
			targets = (
				BEDC8FEB2A5904B40079F2C8 /* ImageRendererSample */,
			);
		};
/* End PBXProject section */

/* Begin PBXResourcesBuildPhase section */
		BEDC8FEA2A5904B40079F2C8 /* Resources */ = {
			isa = PBXResourcesBuildPhase;
			buildActionMask = 2147483647;
			files = (
				BEDC8FF72A5904B50079F2C8 /* Preview Assets.xcassets in Resources */,
				BEDC8FF42A5904B50079F2C8 /* Assets.xcassets in Resources */,
			);
			runOnlyForDeploymentPostprocessing = 0;
		};
/* End PBXResourcesBuildPhase section */

/* Begin PBXSourcesBuildPhase section */
		BEDC8FE82A5904B40079F2C8 /* Sources */ = {
			isa = PBXSourcesBuildPhase;
			buildActionMask = 2147483647;
			files = (
				BEDC8FFF2A5904DB0079F2C8 /* BasicImageRenderer.swift in Sources */,
				BEDC90012A5BDF830079F2C8 /* AchievementRendererView.swift in Sources */,
				BEDC8FF22A5904B50079F2C8 /* ContentView.swift in Sources */,
				BEDC8FF02A5904B50079F2C8 /* ImageRendererSampleApp.swift in Sources */,
			);
			runOnlyForDeploymentPostprocessing = 0;
		};
/* End PBXSourcesBuildPhase section */

/* Begin XCBuildConfiguration section */
		BEDC8FF82A5904B50079F2C8 /* Debug */ = {
			isa = XCBuildConfiguration;
			buildSettings = {
				ALWAYS_SEARCH_USER_PATHS = NO;
				CLANG_ANALYZER_NONNULL = YES;
				CLANG_ANALYZER_NUMBER_OBJECT_CONVERSION = YES_AGGRESSIVE;
				CLANG_CXX_LANGUAGE_STANDARD = "gnu++20";
				CLANG_ENABLE_MODULES = YES;
				CLANG_ENABLE_OBJC_ARC = YES;
				CLANG_ENABLE_OBJC_WEAK = YES;
				CLANG_WARN_BLOCK_CAPTURE_AUTORELEASING = YES;
				CLANG_WARN_BOOL_CONVERSION = YES;
				CLANG_WARN_COMMA = YES;
				CLANG_WARN_CONSTANT_CONVERSION = YES;
				CLANG_WARN_DEPRECATED_OBJC_IMPLEMENTATIONS = YES;
				CLANG_WARN_DIRECT_OBJC_ISA_USAGE = YES_ERROR;
				CLANG_WARN_DOCUMENTATION_COMMENTS = YES;
				CLANG_WARN_EMPTY_BODY = YES;
				CLANG_WARN_ENUM_CONVERSION = YES;
				CLANG_WARN_INFINITE_RECURSION = YES;
				CLANG_WARN_INT_CONVERSION = YES;
				CLANG_WARN_NON_LITERAL_NULL_CONVERSION = YES;
				CLANG_WARN_OBJC_IMPLICIT_RETAIN_SELF = YES;
				CLANG_WARN_OBJC_LITERAL_CONVERSION = YES;
				CLANG_WARN_OBJC_ROOT_CLASS = YES_ERROR;
				CLANG_WARN_QUOTED_INCLUDE_IN_FRAMEWORK_HEADER = YES;
				CLANG_WARN_RANGE_LOOP_ANALYSIS = YES;
				CLANG_WARN_STRICT_PROTOTYPES = YES;
				CLANG_WARN_SUSPICIOUS_MOVE = YES;
				CLANG_WARN_UNGUARDED_AVAILABILITY = YES_AGGRESSIVE;
				CLANG_WARN_UNREACHABLE_CODE = YES;
				CLANG_WARN__DUPLICATE_METHOD_MATCH = YES;
				COPY_PHASE_STRIP = NO;
				DEBUG_INFORMATION_FORMAT = dwarf;
				ENABLE_STRICT_OBJC_MSGSEND = YES;
				ENABLE_TESTABILITY = YES;
				GCC_C_LANGUAGE_STANDARD = gnu11;
				GCC_DYNAMIC_NO_PIC = NO;
				GCC_NO_COMMON_BLOCKS = YES;
				GCC_OPTIMIZATION_LEVEL = 0;
				GCC_PREPROCESSOR_DEFINITIONS = (
					"DEBUG=1",
					"$(inherited)",
				);
				GCC_WARN_64_TO_32_BIT_CONVERSION = YES;
				GCC_WARN_ABOUT_RETURN_TYPE = YES_ERROR;
				GCC_WARN_UNDECLARED_SELECTOR = YES;
				GCC_WARN_UNINITIALIZED_AUTOS = YES_AGGRESSIVE;
				GCC_WARN_UNUSED_FUNCTION = YES;
				GCC_WARN_UNUSED_VARIABLE = YES;
				IPHONEOS_DEPLOYMENT_TARGET = 16.4;
				MTL_ENABLE_DEBUG_INFO = INCLUDE_SOURCE;
				MTL_FAST_MATH = YES;
				ONLY_ACTIVE_ARCH = YES;
				SDKROOT = iphoneos;
				SWIFT_ACTIVE_COMPILATION_CONDITIONS = DEBUG;
				SWIFT_OPTIMIZATION_LEVEL = "-Onone";
			};
			name = Debug;
		};
		BEDC8FF92A5904B50079F2C8 /* Release */ = {
			isa = XCBuildConfiguration;
			buildSettings = {
				ALWAYS_SEARCH_USER_PATHS = NO;
				CLANG_ANALYZER_NONNULL = YES;
				CLANG_ANALYZER_NUMBER_OBJECT_CONVERSION = YES_AGGRESSIVE;
				CLANG_CXX_LANGUAGE_STANDARD = "gnu++20";
				CLANG_ENABLE_MODULES = YES;
				CLANG_ENABLE_OBJC_ARC = YES;
				CLANG_ENABLE_OBJC_WEAK = YES;
				CLANG_WARN_BLOCK_CAPTURE_AUTORELEASING = YES;
				CLANG_WARN_BOOL_CONVERSION = YES;
				CLANG_WARN_COMMA = YES;
				CLANG_WARN_CONSTANT_CONVERSION = YES;
				CLANG_WARN_DEPRECATED_OBJC_IMPLEMENTATIONS = YES;
				CLANG_WARN_DIRECT_OBJC_ISA_USAGE = YES_ERROR;
				CLANG_WARN_DOCUMENTATION_COMMENTS = YES;
				CLANG_WARN_EMPTY_BODY = YES;
				CLANG_WARN_ENUM_CONVERSION = YES;
				CLANG_WARN_INFINITE_RECURSION = YES;
				CLANG_WARN_INT_CONVERSION = YES;
				CLANG_WARN_NON_LITERAL_NULL_CONVERSION = YES;
				CLANG_WARN_OBJC_IMPLICIT_RETAIN_SELF = YES;
				CLANG_WARN_OBJC_LITERAL_CONVERSION = YES;
				CLANG_WARN_OBJC_ROOT_CLASS = YES_ERROR;
				CLANG_WARN_QUOTED_INCLUDE_IN_FRAMEWORK_HEADER = YES;
				CLANG_WARN_RANGE_LOOP_ANALYSIS = YES;
				CLANG_WARN_STRICT_PROTOTYPES = YES;
				CLANG_WARN_SUSPICIOUS_MOVE = YES;
				CLANG_WARN_UNGUARDED_AVAILABILITY = YES_AGGRESSIVE;
				CLANG_WARN_UNREACHABLE_CODE = YES;
				CLANG_WARN__DUPLICATE_METHOD_MATCH = YES;
				COPY_PHASE_STRIP = NO;
				DEBUG_INFORMATION_FORMAT = "dwarf-with-dsym";
				ENABLE_NS_ASSERTIONS = NO;
				ENABLE_STRICT_OBJC_MSGSEND = YES;
				GCC_C_LANGUAGE_STANDARD = gnu11;
				GCC_NO_COMMON_BLOCKS = YES;
				GCC_WARN_64_TO_32_BIT_CONVERSION = YES;
				GCC_WARN_ABOUT_RETURN_TYPE = YES_ERROR;
				GCC_WARN_UNDECLARED_SELECTOR = YES;
				GCC_WARN_UNINITIALIZED_AUTOS = YES_AGGRESSIVE;
				GCC_WARN_UNUSED_FUNCTION = YES;
				GCC_WARN_UNUSED_VARIABLE = YES;
				IPHONEOS_DEPLOYMENT_TARGET = 16.4;
				MTL_ENABLE_DEBUG_INFO = NO;
				MTL_FAST_MATH = YES;
				SDKROOT = iphoneos;
				SWIFT_COMPILATION_MODE = wholemodule;
				SWIFT_OPTIMIZATION_LEVEL = "-O";
				VALIDATE_PRODUCT = YES;
			};
			name = Release;
		};
		BEDC8FFB2A5904B50079F2C8 /* Debug */ = {
			isa = XCBuildConfiguration;
			buildSettings = {
				ASSETCATALOG_COMPILER_APPICON_NAME = AppIcon;
				ASSETCATALOG_COMPILER_GLOBAL_ACCENT_COLOR_NAME = AccentColor;
				CODE_SIGN_STYLE = Automatic;
				CURRENT_PROJECT_VERSION = 1;
				DEVELOPMENT_ASSET_PATHS = "\"ImageRendererSample/Preview Content\"";
				DEVELOPMENT_TEAM = H999WST5QF;
				ENABLE_PREVIEWS = YES;
				GENERATE_INFOPLIST_FILE = YES;
				INFOPLIST_KEY_UIApplicationSceneManifest_Generation = YES;
				INFOPLIST_KEY_UIApplicationSupportsIndirectInputEvents = YES;
				INFOPLIST_KEY_UILaunchScreen_Generation = YES;
				INFOPLIST_KEY_UISupportedInterfaceOrientations_iPad = "UIInterfaceOrientationPortrait UIInterfaceOrientationPortraitUpsideDown UIInterfaceOrientationLandscapeLeft UIInterfaceOrientationLandscapeRight";
				INFOPLIST_KEY_UISupportedInterfaceOrientations_iPhone = "UIInterfaceOrientationPortrait UIInterfaceOrientationLandscapeLeft UIInterfaceOrientationLandscapeRight";
				LD_RUNPATH_SEARCH_PATHS = (
					"$(inherited)",
					"@executable_path/Frameworks",
				);
				MARKETING_VERSION = 1.0;
				PRODUCT_BUNDLE_IDENTIFIER = com.gmail.kennsuke242424.ImageRendererSample;
				PRODUCT_NAME = "$(TARGET_NAME)";
				SWIFT_EMIT_LOC_STRINGS = YES;
				SWIFT_VERSION = 5.0;
				TARGETED_DEVICE_FAMILY = "1,2";
			};
			name = Debug;
		};
		BEDC8FFC2A5904B50079F2C8 /* Release */ = {
			isa = XCBuildConfiguration;
			buildSettings = {
				ASSETCATALOG_COMPILER_APPICON_NAME = AppIcon;
				ASSETCATALOG_COMPILER_GLOBAL_ACCENT_COLOR_NAME = AccentColor;
				CODE_SIGN_STYLE = Automatic;
				CURRENT_PROJECT_VERSION = 1;
				DEVELOPMENT_ASSET_PATHS = "\"ImageRendererSample/Preview Content\"";
				DEVELOPMENT_TEAM = H999WST5QF;
				ENABLE_PREVIEWS = YES;
				GENERATE_INFOPLIST_FILE = YES;
				INFOPLIST_KEY_UIApplicationSceneManifest_Generation = YES;
				INFOPLIST_KEY_UIApplicationSupportsIndirectInputEvents = YES;
				INFOPLIST_KEY_UILaunchScreen_Generation = YES;
				INFOPLIST_KEY_UISupportedInterfaceOrientations_iPad = "UIInterfaceOrientationPortrait UIInterfaceOrientationPortraitUpsideDown UIInterfaceOrientationLandscapeLeft UIInterfaceOrientationLandscapeRight";
				INFOPLIST_KEY_UISupportedInterfaceOrientations_iPhone = "UIInterfaceOrientationPortrait UIInterfaceOrientationLandscapeLeft UIInterfaceOrientationLandscapeRight";
				LD_RUNPATH_SEARCH_PATHS = (
					"$(inherited)",
					"@executable_path/Frameworks",
				);
				MARKETING_VERSION = 1.0;
				PRODUCT_BUNDLE_IDENTIFIER = com.gmail.kennsuke242424.ImageRendererSample;
				PRODUCT_NAME = "$(TARGET_NAME)";
				SWIFT_EMIT_LOC_STRINGS = YES;
				SWIFT_VERSION = 5.0;
				TARGETED_DEVICE_FAMILY = "1,2";
			};
			name = Release;
		};
/* End XCBuildConfiguration section */

/* Begin XCConfigurationList section */
		BEDC8FE72A5904B40079F2C8 /* Build configuration list for PBXProject "ImageRendererSample" */ = {
			isa = XCConfigurationList;
			buildConfigurations = (
				BEDC8FF82A5904B50079F2C8 /* Debug */,
				BEDC8FF92A5904B50079F2C8 /* Release */,
			);
			defaultConfigurationIsVisible = 0;
			defaultConfigurationName = Release;
		};
		BEDC8FFA2A5904B50079F2C8 /* Build configuration list for PBXNativeTarget "ImageRendererSample" */ = {
			isa = XCConfigurationList;
			buildConfigurations = (
				BEDC8FFB2A5904B50079F2C8 /* Debug */,
				BEDC8FFC2A5904B50079F2C8 /* Release */,
			);
			defaultConfigurationIsVisible = 0;
			defaultConfigurationName = Release;
		};
/* End XCConfigurationList section */
	};
	rootObject = BEDC8FE42A5904B40079F2C8 /* Project object */;
}
