// !$*UTF8*$!
{
	archiveVersion = 1;
	classes = {
	};
	objectVersion = 56;
	objects = {

/* Begin PBXBuildFile section */
		BEB669B52A2C0D82008FC9DE /* HalfSheetSampleApp.swift in Sources */ = {isa = PBXBuildFile; fileRef = BEB669B42A2C0D82008FC9DE /* HalfSheetSampleApp.swift */; };
		BEB669B72A2C0D82008FC9DE /* ContentView.swift in Sources */ = {isa = PBXBuildFile; fileRef = BEB669B62A2C0D82008FC9DE /* ContentView.swift */; };
		BEB669B92A2C0D83008FC9DE /* Assets.xcassets in Resources */ = {isa = PBXBuildFile; fileRef = BEB669B82A2C0D83008FC9DE /* Assets.xcassets */; };
		BEB669BC2A2C0D83008FC9DE /* Preview Assets.xcassets in Resources */ = {isa = PBXBuildFile; fileRef = BEB669BB2A2C0D83008FC9DE /* Preview Assets.xcassets */; };
		BEB669C32A2C0DC3008FC9DE /* BasicSheetView.swift in Sources */ = {isa = PBXBuildFile; fileRef = BEB669C22A2C0DC3008FC9DE /* BasicSheetView.swift */; };
		BEB669C52A2C1897008FC9DE /* HalfsheetView.swift in Sources */ = {isa = PBXBuildFile; fileRef = BEB669C42A2C1897008FC9DE /* HalfsheetView.swift */; };
		BEB669C72A2C1FBF008FC9DE /* GetSheetStateView.swift in Sources */ = {isa = PBXBuildFile; fileRef = BEB669C62A2C1FBF008FC9DE /* GetSheetStateView.swift */; };
		BEB669C92A2C2638008FC9DE /* CustomSheetExtensionView.swift in Sources */ = {isa = PBXBuildFile; fileRef = BEB669C82A2C2638008FC9DE /* CustomSheetExtensionView.swift */; };
/* End PBXBuildFile section */

/* Begin PBXFileReference section */
		BEB669B12A2C0D82008FC9DE /* HalfSheetSample.app */ = {isa = PBXFileReference; explicitFileType = wrapper.application; includeInIndex = 0; path = HalfSheetSample.app; sourceTree = BUILT_PRODUCTS_DIR; };
		BEB669B42A2C0D82008FC9DE /* HalfSheetSampleApp.swift */ = {isa = PBXFileReference; lastKnownFileType = sourcecode.swift; path = HalfSheetSampleApp.swift; sourceTree = "<group>"; };
		BEB669B62A2C0D82008FC9DE /* ContentView.swift */ = {isa = PBXFileReference; lastKnownFileType = sourcecode.swift; path = ContentView.swift; sourceTree = "<group>"; };
		BEB669B82A2C0D83008FC9DE /* Assets.xcassets */ = {isa = PBXFileReference; lastKnownFileType = folder.assetcatalog; path = Assets.xcassets; sourceTree = "<group>"; };
		BEB669BB2A2C0D83008FC9DE /* Preview Assets.xcassets */ = {isa = PBXFileReference; lastKnownFileType = folder.assetcatalog; path = "Preview Assets.xcassets"; sourceTree = "<group>"; };
		BEB669C22A2C0DC3008FC9DE /* BasicSheetView.swift */ = {isa = PBXFileReference; lastKnownFileType = sourcecode.swift; path = BasicSheetView.swift; sourceTree = "<group>"; };
		BEB669C42A2C1897008FC9DE /* HalfsheetView.swift */ = {isa = PBXFileReference; lastKnownFileType = sourcecode.swift; path = HalfsheetView.swift; sourceTree = "<group>"; };
		BEB669C62A2C1FBF008FC9DE /* GetSheetStateView.swift */ = {isa = PBXFileReference; lastKnownFileType = sourcecode.swift; path = GetSheetStateView.swift; sourceTree = "<group>"; };
		BEB669C82A2C2638008FC9DE /* CustomSheetExtensionView.swift */ = {isa = PBXFileReference; lastKnownFileType = sourcecode.swift; path = CustomSheetExtensionView.swift; sourceTree = "<group>"; };
/* End PBXFileReference section */

/* Begin PBXFrameworksBuildPhase section */
		BEB669AE2A2C0D82008FC9DE /* Frameworks */ = {
			isa = PBXFrameworksBuildPhase;
			buildActionMask = 2147483647;
			files = (
			);
			runOnlyForDeploymentPostprocessing = 0;
		};
/* End PBXFrameworksBuildPhase section */

/* Begin PBXGroup section */
		BEB669A82A2C0D82008FC9DE = {
			isa = PBXGroup;
			children = (
				BEB669B32A2C0D82008FC9DE /* HalfSheetSample */,
				BEB669B22A2C0D82008FC9DE /* Products */,
			);
			sourceTree = "<group>";
		};
		BEB669B22A2C0D82008FC9DE /* Products */ = {
			isa = PBXGroup;
			children = (
				BEB669B12A2C0D82008FC9DE /* HalfSheetSample.app */,
			);
			name = Products;
			sourceTree = "<group>";
		};
		BEB669B32A2C0D82008FC9DE /* HalfSheetSample */ = {
			isa = PBXGroup;
			children = (
				BEB669B42A2C0D82008FC9DE /* HalfSheetSampleApp.swift */,
				BEB669B62A2C0D82008FC9DE /* ContentView.swift */,
				BEB669C22A2C0DC3008FC9DE /* BasicSheetView.swift */,
				BEB669C42A2C1897008FC9DE /* HalfsheetView.swift */,
				BEB669C62A2C1FBF008FC9DE /* GetSheetStateView.swift */,
				BEB669C82A2C2638008FC9DE /* CustomSheetExtensionView.swift */,
				BEB669B82A2C0D83008FC9DE /* Assets.xcassets */,
				BEB669BA2A2C0D83008FC9DE /* Preview Content */,
			);
			path = HalfSheetSample;
			sourceTree = "<group>";
		};
		BEB669BA2A2C0D83008FC9DE /* Preview Content */ = {
			isa = PBXGroup;
			children = (
				BEB669BB2A2C0D83008FC9DE /* Preview Assets.xcassets */,
			);
			path = "Preview Content";
			sourceTree = "<group>";
		};
/* End PBXGroup section */

/* Begin PBXNativeTarget section */
		BEB669B02A2C0D82008FC9DE /* HalfSheetSample */ = {
			isa = PBXNativeTarget;
			buildConfigurationList = BEB669BF2A2C0D83008FC9DE /* Build configuration list for PBXNativeTarget "HalfSheetSample" */;
			buildPhases = (
				BEB669AD2A2C0D82008FC9DE /* Sources */,
				BEB669AE2A2C0D82008FC9DE /* Frameworks */,
				BEB669AF2A2C0D82008FC9DE /* Resources */,
			);
			buildRules = (
			);
			dependencies = (
			);
			name = HalfSheetSample;
			productName = HalfSheetSample;
			productReference = BEB669B12A2C0D82008FC9DE /* HalfSheetSample.app */;
			productType = "com.apple.product-type.application";
		};
/* End PBXNativeTarget section */

/* Begin PBXProject section */
		BEB669A92A2C0D82008FC9DE /* Project object */ = {
			isa = PBXProject;
			attributes = {
				BuildIndependentTargetsInParallel = 1;
				LastSwiftUpdateCheck = 1430;
				LastUpgradeCheck = 1430;
				TargetAttributes = {
					BEB669B02A2C0D82008FC9DE = {
						CreatedOnToolsVersion = 14.3;
					};
				};
			};
			buildConfigurationList = BEB669AC2A2C0D82008FC9DE /* Build configuration list for PBXProject "HalfSheetSample" */;
			compatibilityVersion = "Xcode 14.0";
			developmentRegion = en;
			hasScannedForEncodings = 0;
			knownRegions = (
				en,
				Base,
			);
			mainGroup = BEB669A82A2C0D82008FC9DE;
			productRefGroup = BEB669B22A2C0D82008FC9DE /* Products */;
			projectDirPath = "";
			projectRoot = "";
			targets = (
				BEB669B02A2C0D82008FC9DE /* HalfSheetSample */,
			);
		};
/* End PBXProject section */

/* Begin PBXResourcesBuildPhase section */
		BEB669AF2A2C0D82008FC9DE /* Resources */ = {
			isa = PBXResourcesBuildPhase;
			buildActionMask = 2147483647;
			files = (
				BEB669BC2A2C0D83008FC9DE /* Preview Assets.xcassets in Resources */,
				BEB669B92A2C0D83008FC9DE /* Assets.xcassets in Resources */,
			);
			runOnlyForDeploymentPostprocessing = 0;
		};
/* End PBXResourcesBuildPhase section */

/* Begin PBXSourcesBuildPhase section */
		BEB669AD2A2C0D82008FC9DE /* Sources */ = {
			isa = PBXSourcesBuildPhase;
			buildActionMask = 2147483647;
			files = (
				BEB669B72A2C0D82008FC9DE /* ContentView.swift in Sources */,
				BEB669C52A2C1897008FC9DE /* HalfsheetView.swift in Sources */,
				BEB669C72A2C1FBF008FC9DE /* GetSheetStateView.swift in Sources */,
				BEB669C32A2C0DC3008FC9DE /* BasicSheetView.swift in Sources */,
				BEB669B52A2C0D82008FC9DE /* HalfSheetSampleApp.swift in Sources */,
				BEB669C92A2C2638008FC9DE /* CustomSheetExtensionView.swift in Sources */,
			);
			runOnlyForDeploymentPostprocessing = 0;
		};
/* End PBXSourcesBuildPhase section */

/* Begin XCBuildConfiguration section */
		BEB669BD2A2C0D83008FC9DE /* Debug */ = {
			isa = XCBuildConfiguration;
			buildSettings = {
				ALWAYS_SEARCH_USER_PATHS = NO;
				CLANG_ANALYZER_NONNULL = YES;
				CLANG_ANALYZER_NUMBER_OBJECT_CONVERSION = YES_AGGRESSIVE;
				CLANG_CXX_LANGUAGE_STANDARD = "gnu++20";
				CLANG_ENABLE_MODULES = YES;
				CLANG_ENABLE_OBJC_ARC = YES;
				CLANG_ENABLE_OBJC_WEAK = YES;
				CLANG_WARN_BLOCK_CAPTURE_AUTORELEASING = YES;
				CLANG_WARN_BOOL_CONVERSION = YES;
				CLANG_WARN_COMMA = YES;
				CLANG_WARN_CONSTANT_CONVERSION = YES;
				CLANG_WARN_DEPRECATED_OBJC_IMPLEMENTATIONS = YES;
				CLANG_WARN_DIRECT_OBJC_ISA_USAGE = YES_ERROR;
				CLANG_WARN_DOCUMENTATION_COMMENTS = YES;
				CLANG_WARN_EMPTY_BODY = YES;
				CLANG_WARN_ENUM_CONVERSION = YES;
				CLANG_WARN_INFINITE_RECURSION = YES;
				CLANG_WARN_INT_CONVERSION = YES;
				CLANG_WARN_NON_LITERAL_NULL_CONVERSION = YES;
				CLANG_WARN_OBJC_IMPLICIT_RETAIN_SELF = YES;
				CLANG_WARN_OBJC_LITERAL_CONVERSION = YES;
				CLANG_WARN_OBJC_ROOT_CLASS = YES_ERROR;
				CLANG_WARN_QUOTED_INCLUDE_IN_FRAMEWORK_HEADER = YES;
				CLANG_WARN_RANGE_LOOP_ANALYSIS = YES;
				CLANG_WARN_STRICT_PROTOTYPES = YES;
				CLANG_WARN_SUSPICIOUS_MOVE = YES;
				CLANG_WARN_UNGUARDED_AVAILABILITY = YES_AGGRESSIVE;
				CLANG_WARN_UNREACHABLE_CODE = YES;
				CLANG_WARN__DUPLICATE_METHOD_MATCH = YES;
				COPY_PHASE_STRIP = NO;
				DEBUG_INFORMATION_FORMAT = dwarf;
				ENABLE_STRICT_OBJC_MSGSEND = YES;
				ENABLE_TESTABILITY = YES;
				GCC_C_LANGUAGE_STANDARD = gnu11;
				GCC_DYNAMIC_NO_PIC = NO;
				GCC_NO_COMMON_BLOCKS = YES;
				GCC_OPTIMIZATION_LEVEL = 0;
				GCC_PREPROCESSOR_DEFINITIONS = (
					"DEBUG=1",
					"$(inherited)",
				);
				GCC_WARN_64_TO_32_BIT_CONVERSION = YES;
				GCC_WARN_ABOUT_RETURN_TYPE = YES_ERROR;
				GCC_WARN_UNDECLARED_SELECTOR = YES;
				GCC_WARN_UNINITIALIZED_AUTOS = YES_AGGRESSIVE;
				GCC_WARN_UNUSED_FUNCTION = YES;
				GCC_WARN_UNUSED_VARIABLE = YES;
				IPHONEOS_DEPLOYMENT_TARGET = 16.4;
				MTL_ENABLE_DEBUG_INFO = INCLUDE_SOURCE;
				MTL_FAST_MATH = YES;
				ONLY_ACTIVE_ARCH = YES;
				SDKROOT = iphoneos;
				SWIFT_ACTIVE_COMPILATION_CONDITIONS = DEBUG;
				SWIFT_OPTIMIZATION_LEVEL = "-Onone";
			};
			name = Debug;
		};
		BEB669BE2A2C0D83008FC9DE /* Release */ = {
			isa = XCBuildConfiguration;
			buildSettings = {
				ALWAYS_SEARCH_USER_PATHS = NO;
				CLANG_ANALYZER_NONNULL = YES;
				CLANG_ANALYZER_NUMBER_OBJECT_CONVERSION = YES_AGGRESSIVE;
				CLANG_CXX_LANGUAGE_STANDARD = "gnu++20";
				CLANG_ENABLE_MODULES = YES;
				CLANG_ENABLE_OBJC_ARC = YES;
				CLANG_ENABLE_OBJC_WEAK = YES;
				CLANG_WARN_BLOCK_CAPTURE_AUTORELEASING = YES;
				CLANG_WARN_BOOL_CONVERSION = YES;
				CLANG_WARN_COMMA = YES;
				CLANG_WARN_CONSTANT_CONVERSION = YES;
				CLANG_WARN_DEPRECATED_OBJC_IMPLEMENTATIONS = YES;
				CLANG_WARN_DIRECT_OBJC_ISA_USAGE = YES_ERROR;
				CLANG_WARN_DOCUMENTATION_COMMENTS = YES;
				CLANG_WARN_EMPTY_BODY = YES;
				CLANG_WARN_ENUM_CONVERSION = YES;
				CLANG_WARN_INFINITE_RECURSION = YES;
				CLANG_WARN_INT_CONVERSION = YES;
				CLANG_WARN_NON_LITERAL_NULL_CONVERSION = YES;
				CLANG_WARN_OBJC_IMPLICIT_RETAIN_SELF = YES;
				CLANG_WARN_OBJC_LITERAL_CONVERSION = YES;
				CLANG_WARN_OBJC_ROOT_CLASS = YES_ERROR;
				CLANG_WARN_QUOTED_INCLUDE_IN_FRAMEWORK_HEADER = YES;
				CLANG_WARN_RANGE_LOOP_ANALYSIS = YES;
				CLANG_WARN_STRICT_PROTOTYPES = YES;
				CLANG_WARN_SUSPICIOUS_MOVE = YES;
				CLANG_WARN_UNGUARDED_AVAILABILITY = YES_AGGRESSIVE;
				CLANG_WARN_UNREACHABLE_CODE = YES;
				CLANG_WARN__DUPLICATE_METHOD_MATCH = YES;
				COPY_PHASE_STRIP = NO;
				DEBUG_INFORMATION_FORMAT = "dwarf-with-dsym";
				ENABLE_NS_ASSERTIONS = NO;
				ENABLE_STRICT_OBJC_MSGSEND = YES;
				GCC_C_LANGUAGE_STANDARD = gnu11;
				GCC_NO_COMMON_BLOCKS = YES;
				GCC_WARN_64_TO_32_BIT_CONVERSION = YES;
				GCC_WARN_ABOUT_RETURN_TYPE = YES_ERROR;
				GCC_WARN_UNDECLARED_SELECTOR = YES;
				GCC_WARN_UNINITIALIZED_AUTOS = YES_AGGRESSIVE;
				GCC_WARN_UNUSED_FUNCTION = YES;
				GCC_WARN_UNUSED_VARIABLE = YES;
				IPHONEOS_DEPLOYMENT_TARGET = 16.4;
				MTL_ENABLE_DEBUG_INFO = NO;
				MTL_FAST_MATH = YES;
				SDKROOT = iphoneos;
				SWIFT_COMPILATION_MODE = wholemodule;
				SWIFT_OPTIMIZATION_LEVEL = "-O";
				VALIDATE_PRODUCT = YES;
			};
			name = Release;
		};
		BEB669C02A2C0D83008FC9DE /* Debug */ = {
			isa = XCBuildConfiguration;
			buildSettings = {
				ASSETCATALOG_COMPILER_APPICON_NAME = AppIcon;
				ASSETCATALOG_COMPILER_GLOBAL_ACCENT_COLOR_NAME = AccentColor;
				CODE_SIGN_STYLE = Automatic;
				CURRENT_PROJECT_VERSION = 1;
				DEVELOPMENT_ASSET_PATHS = "\"HalfSheetSample/Preview Content\"";
				DEVELOPMENT_TEAM = H999WST5QF;
				ENABLE_PREVIEWS = YES;
				GENERATE_INFOPLIST_FILE = YES;
				INFOPLIST_KEY_UIApplicationSceneManifest_Generation = YES;
				INFOPLIST_KEY_UIApplicationSupportsIndirectInputEvents = YES;
				INFOPLIST_KEY_UILaunchScreen_Generation = YES;
				INFOPLIST_KEY_UISupportedInterfaceOrientations_iPad = "UIInterfaceOrientationPortrait UIInterfaceOrientationPortraitUpsideDown UIInterfaceOrientationLandscapeLeft UIInterfaceOrientationLandscapeRight";
				INFOPLIST_KEY_UISupportedInterfaceOrientations_iPhone = "UIInterfaceOrientationPortrait UIInterfaceOrientationLandscapeLeft UIInterfaceOrientationLandscapeRight";
				LD_RUNPATH_SEARCH_PATHS = (
					"$(inherited)",
					"@executable_path/Frameworks",
				);
				MARKETING_VERSION = 1.0;
				PRODUCT_BUNDLE_IDENTIFIER = com.gmail.kennsuke242424.HalfSheetSample;
				PRODUCT_NAME = "$(TARGET_NAME)";
				SWIFT_EMIT_LOC_STRINGS = YES;
				SWIFT_VERSION = 5.0;
				TARGETED_DEVICE_FAMILY = "1,2";
			};
			name = Debug;
		};
		BEB669C12A2C0D83008FC9DE /* Release */ = {
			isa = XCBuildConfiguration;
			buildSettings = {
				ASSETCATALOG_COMPILER_APPICON_NAME = AppIcon;
				ASSETCATALOG_COMPILER_GLOBAL_ACCENT_COLOR_NAME = AccentColor;
				CODE_SIGN_STYLE = Automatic;
				CURRENT_PROJECT_VERSION = 1;
				DEVELOPMENT_ASSET_PATHS = "\"HalfSheetSample/Preview Content\"";
				DEVELOPMENT_TEAM = H999WST5QF;
				ENABLE_PREVIEWS = YES;
				GENERATE_INFOPLIST_FILE = YES;
				INFOPLIST_KEY_UIApplicationSceneManifest_Generation = YES;
				INFOPLIST_KEY_UIApplicationSupportsIndirectInputEvents = YES;
				INFOPLIST_KEY_UILaunchScreen_Generation = YES;
				INFOPLIST_KEY_UISupportedInterfaceOrientations_iPad = "UIInterfaceOrientationPortrait UIInterfaceOrientationPortraitUpsideDown UIInterfaceOrientationLandscapeLeft UIInterfaceOrientationLandscapeRight";
				INFOPLIST_KEY_UISupportedInterfaceOrientations_iPhone = "UIInterfaceOrientationPortrait UIInterfaceOrientationLandscapeLeft UIInterfaceOrientationLandscapeRight";
				LD_RUNPATH_SEARCH_PATHS = (
					"$(inherited)",
					"@executable_path/Frameworks",
				);
				MARKETING_VERSION = 1.0;
				PRODUCT_BUNDLE_IDENTIFIER = com.gmail.kennsuke242424.HalfSheetSample;
				PRODUCT_NAME = "$(TARGET_NAME)";
				SWIFT_EMIT_LOC_STRINGS = YES;
				SWIFT_VERSION = 5.0;
				TARGETED_DEVICE_FAMILY = "1,2";
			};
			name = Release;
		};
/* End XCBuildConfiguration section */

/* Begin XCConfigurationList section */
		BEB669AC2A2C0D82008FC9DE /* Build configuration list for PBXProject "HalfSheetSample" */ = {
			isa = XCConfigurationList;
			buildConfigurations = (
				BEB669BD2A2C0D83008FC9DE /* Debug */,
				BEB669BE2A2C0D83008FC9DE /* Release */,
			);
			defaultConfigurationIsVisible = 0;
			defaultConfigurationName = Release;
		};
		BEB669BF2A2C0D83008FC9DE /* Build configuration list for PBXNativeTarget "HalfSheetSample" */ = {
			isa = XCConfigurationList;
			buildConfigurations = (
				BEB669C02A2C0D83008FC9DE /* Debug */,
				BEB669C12A2C0D83008FC9DE /* Release */,
			);
			defaultConfigurationIsVisible = 0;
			defaultConfigurationName = Release;
		};
/* End XCConfigurationList section */
	};
	rootObject = BEB669A92A2C0D82008FC9DE /* Project object */;
}
