// !$*UTF8*$!
{
	archiveVersion = 1;
	classes = {
	};
	objectVersion = 56;
	objects = {

/* Begin PBXBuildFile section */
		BE2A5B2929D5546500249073 /* OnAppearAppApp.swift in Sources */ = {isa = PBXBuildFile; fileRef = BE2A5B2829D5546500249073 /* OnAppearAppApp.swift */; };
		BE2A5B2B29D5546500249073 /* SimpleAppearView.swift in Sources */ = {isa = PBXBuildFile; fileRef = BE2A5B2A29D5546500249073 /* SimpleAppearView.swift */; };
		BE2A5B2D29D5546700249073 /* Assets.xcassets in Resources */ = {isa = PBXBuildFile; fileRef = BE2A5B2C29D5546700249073 /* Assets.xcassets */; };
		BE2A5B3029D5546700249073 /* Preview Assets.xcassets in Resources */ = {isa = PBXBuildFile; fileRef = BE2A5B2F29D5546700249073 /* Preview Assets.xcassets */; };
		BE2A5B3829D5604300249073 /* SheetAppearView.swift in Sources */ = {isa = PBXBuildFile; fileRef = BE2A5B3729D5604300249073 /* SheetAppearView.swift */; };
		BE2A5B3A29D5610900249073 /* OtherAppearView.swift in Sources */ = {isa = PBXBuildFile; fileRef = BE2A5B3929D5610900249073 /* OtherAppearView.swift */; };
		BE2A5B3C29D56EC500249073 /* FetchDataAppearView.swift in Sources */ = {isa = PBXBuildFile; fileRef = BE2A5B3B29D56EC500249073 /* FetchDataAppearView.swift */; };
		BE2A5B4029D57CF400249073 /* AnimationAppearView.swift in Sources */ = {isa = PBXBuildFile; fileRef = BE2A5B3F29D57CF400249073 /* AnimationAppearView.swift */; };
		BE2B801929D664D80081439C /* FirstSignInAppearView.swift in Sources */ = {isa = PBXBuildFile; fileRef = BE2B801829D664D80081439C /* FirstSignInAppearView.swift */; };
/* End PBXBuildFile section */

/* Begin PBXFileReference section */
		BE2A5B2529D5546500249073 /* OnAppearApp.app */ = {isa = PBXFileReference; explicitFileType = wrapper.application; includeInIndex = 0; path = OnAppearApp.app; sourceTree = BUILT_PRODUCTS_DIR; };
		BE2A5B2829D5546500249073 /* OnAppearAppApp.swift */ = {isa = PBXFileReference; lastKnownFileType = sourcecode.swift; path = OnAppearAppApp.swift; sourceTree = "<group>"; };
		BE2A5B2A29D5546500249073 /* SimpleAppearView.swift */ = {isa = PBXFileReference; lastKnownFileType = sourcecode.swift; path = SimpleAppearView.swift; sourceTree = "<group>"; };
		BE2A5B2C29D5546700249073 /* Assets.xcassets */ = {isa = PBXFileReference; lastKnownFileType = folder.assetcatalog; path = Assets.xcassets; sourceTree = "<group>"; };
		BE2A5B2F29D5546700249073 /* Preview Assets.xcassets */ = {isa = PBXFileReference; lastKnownFileType = folder.assetcatalog; path = "Preview Assets.xcassets"; sourceTree = "<group>"; };
		BE2A5B3629D5572600249073 /* Info.plist */ = {isa = PBXFileReference; lastKnownFileType = text.plist; path = Info.plist; sourceTree = "<group>"; };
		BE2A5B3729D5604300249073 /* SheetAppearView.swift */ = {isa = PBXFileReference; lastKnownFileType = sourcecode.swift; path = SheetAppearView.swift; sourceTree = "<group>"; };
		BE2A5B3929D5610900249073 /* OtherAppearView.swift */ = {isa = PBXFileReference; lastKnownFileType = sourcecode.swift; path = OtherAppearView.swift; sourceTree = "<group>"; };
		BE2A5B3B29D56EC500249073 /* FetchDataAppearView.swift */ = {isa = PBXFileReference; lastKnownFileType = sourcecode.swift; path = FetchDataAppearView.swift; sourceTree = "<group>"; };
		BE2A5B3F29D57CF400249073 /* AnimationAppearView.swift */ = {isa = PBXFileReference; lastKnownFileType = sourcecode.swift; path = AnimationAppearView.swift; sourceTree = "<group>"; };
		BE2B801829D664D80081439C /* FirstSignInAppearView.swift */ = {isa = PBXFileReference; lastKnownFileType = sourcecode.swift; path = FirstSignInAppearView.swift; sourceTree = "<group>"; };
/* End PBXFileReference section */

/* Begin PBXFrameworksBuildPhase section */
		BE2A5B2229D5546500249073 /* Frameworks */ = {
			isa = PBXFrameworksBuildPhase;
			buildActionMask = 2147483647;
			files = (
			);
			runOnlyForDeploymentPostprocessing = 0;
		};
/* End PBXFrameworksBuildPhase section */

/* Begin PBXGroup section */
		BE2A5B1C29D5546500249073 = {
			isa = PBXGroup;
			children = (
				BE2A5B2729D5546500249073 /* OnAppearApp */,
				BE2A5B2629D5546500249073 /* Products */,
			);
			sourceTree = "<group>";
		};
		BE2A5B2629D5546500249073 /* Products */ = {
			isa = PBXGroup;
			children = (
				BE2A5B2529D5546500249073 /* OnAppearApp.app */,
			);
			name = Products;
			sourceTree = "<group>";
		};
		BE2A5B2729D5546500249073 /* OnAppearApp */ = {
			isa = PBXGroup;
			children = (
				BE2A5B3629D5572600249073 /* Info.plist */,
				BE2A5B2829D5546500249073 /* OnAppearAppApp.swift */,
				BE2A5B2A29D5546500249073 /* SimpleAppearView.swift */,
				BE2A5B3729D5604300249073 /* SheetAppearView.swift */,
				BE2A5B3929D5610900249073 /* OtherAppearView.swift */,
				BE2A5B3B29D56EC500249073 /* FetchDataAppearView.swift */,
				BE2B801829D664D80081439C /* FirstSignInAppearView.swift */,
				BE2A5B3F29D57CF400249073 /* AnimationAppearView.swift */,
				BE2A5B2C29D5546700249073 /* Assets.xcassets */,
				BE2A5B2E29D5546700249073 /* Preview Content */,
			);
			path = OnAppearApp;
			sourceTree = "<group>";
		};
		BE2A5B2E29D5546700249073 /* Preview Content */ = {
			isa = PBXGroup;
			children = (
				BE2A5B2F29D5546700249073 /* Preview Assets.xcassets */,
			);
			path = "Preview Content";
			sourceTree = "<group>";
		};
/* End PBXGroup section */

/* Begin PBXNativeTarget section */
		BE2A5B2429D5546500249073 /* OnAppearApp */ = {
			isa = PBXNativeTarget;
			buildConfigurationList = BE2A5B3329D5546700249073 /* Build configuration list for PBXNativeTarget "OnAppearApp" */;
			buildPhases = (
				BE2A5B2129D5546500249073 /* Sources */,
				BE2A5B2229D5546500249073 /* Frameworks */,
				BE2A5B2329D5546500249073 /* Resources */,
			);
			buildRules = (
			);
			dependencies = (
			);
			name = OnAppearApp;
			productName = OnAppearApp;
			productReference = BE2A5B2529D5546500249073 /* OnAppearApp.app */;
			productType = "com.apple.product-type.application";
		};
/* End PBXNativeTarget section */

/* Begin PBXProject section */
		BE2A5B1D29D5546500249073 /* Project object */ = {
			isa = PBXProject;
			attributes = {
				BuildIndependentTargetsInParallel = 1;
				LastSwiftUpdateCheck = 1420;
				LastUpgradeCheck = 1420;
				TargetAttributes = {
					BE2A5B2429D5546500249073 = {
						CreatedOnToolsVersion = 14.2;
					};
				};
			};
			buildConfigurationList = BE2A5B2029D5546500249073 /* Build configuration list for PBXProject "OnAppearApp" */;
			compatibilityVersion = "Xcode 14.0";
			developmentRegion = en;
			hasScannedForEncodings = 0;
			knownRegions = (
				en,
				Base,
			);
			mainGroup = BE2A5B1C29D5546500249073;
			productRefGroup = BE2A5B2629D5546500249073 /* Products */;
			projectDirPath = "";
			projectRoot = "";
			targets = (
				BE2A5B2429D5546500249073 /* OnAppearApp */,
			);
		};
/* End PBXProject section */

/* Begin PBXResourcesBuildPhase section */
		BE2A5B2329D5546500249073 /* Resources */ = {
			isa = PBXResourcesBuildPhase;
			buildActionMask = 2147483647;
			files = (
				BE2A5B3029D5546700249073 /* Preview Assets.xcassets in Resources */,
				BE2A5B2D29D5546700249073 /* Assets.xcassets in Resources */,
			);
			runOnlyForDeploymentPostprocessing = 0;
		};
/* End PBXResourcesBuildPhase section */

/* Begin PBXSourcesBuildPhase section */
		BE2A5B2129D5546500249073 /* Sources */ = {
			isa = PBXSourcesBuildPhase;
			buildActionMask = 2147483647;
			files = (
				BE2A5B2B29D5546500249073 /* SimpleAppearView.swift in Sources */,
				BE2A5B3A29D5610900249073 /* OtherAppearView.swift in Sources */,
				BE2B801929D664D80081439C /* FirstSignInAppearView.swift in Sources */,
				BE2A5B4029D57CF400249073 /* AnimationAppearView.swift in Sources */,
				BE2A5B3829D5604300249073 /* SheetAppearView.swift in Sources */,
				BE2A5B2929D5546500249073 /* OnAppearAppApp.swift in Sources */,
				BE2A5B3C29D56EC500249073 /* FetchDataAppearView.swift in Sources */,
			);
			runOnlyForDeploymentPostprocessing = 0;
		};
/* End PBXSourcesBuildPhase section */

/* Begin XCBuildConfiguration section */
		BE2A5B3129D5546700249073 /* Debug */ = {
			isa = XCBuildConfiguration;
			buildSettings = {
				ALWAYS_SEARCH_USER_PATHS = NO;
				CLANG_ANALYZER_NONNULL = YES;
				CLANG_ANALYZER_NUMBER_OBJECT_CONVERSION = YES_AGGRESSIVE;
				CLANG_CXX_LANGUAGE_STANDARD = "gnu++20";
				CLANG_ENABLE_MODULES = YES;
				CLANG_ENABLE_OBJC_ARC = YES;
				CLANG_ENABLE_OBJC_WEAK = YES;
				CLANG_WARN_BLOCK_CAPTURE_AUTORELEASING = YES;
				CLANG_WARN_BOOL_CONVERSION = YES;
				CLANG_WARN_COMMA = YES;
				CLANG_WARN_CONSTANT_CONVERSION = YES;
				CLANG_WARN_DEPRECATED_OBJC_IMPLEMENTATIONS = YES;
				CLANG_WARN_DIRECT_OBJC_ISA_USAGE = YES_ERROR;
				CLANG_WARN_DOCUMENTATION_COMMENTS = YES;
				CLANG_WARN_EMPTY_BODY = YES;
				CLANG_WARN_ENUM_CONVERSION = YES;
				CLANG_WARN_INFINITE_RECURSION = YES;
				CLANG_WARN_INT_CONVERSION = YES;
				CLANG_WARN_NON_LITERAL_NULL_CONVERSION = YES;
				CLANG_WARN_OBJC_IMPLICIT_RETAIN_SELF = YES;
				CLANG_WARN_OBJC_LITERAL_CONVERSION = YES;
				CLANG_WARN_OBJC_ROOT_CLASS = YES_ERROR;
				CLANG_WARN_QUOTED_INCLUDE_IN_FRAMEWORK_HEADER = YES;
				CLANG_WARN_RANGE_LOOP_ANALYSIS = YES;
				CLANG_WARN_STRICT_PROTOTYPES = YES;
				CLANG_WARN_SUSPICIOUS_MOVE = YES;
				CLANG_WARN_UNGUARDED_AVAILABILITY = YES_AGGRESSIVE;
				CLANG_WARN_UNREACHABLE_CODE = YES;
				CLANG_WARN__DUPLICATE_METHOD_MATCH = YES;
				COPY_PHASE_STRIP = NO;
				DEBUG_INFORMATION_FORMAT = dwarf;
				ENABLE_STRICT_OBJC_MSGSEND = YES;
				ENABLE_TESTABILITY = YES;
				GCC_C_LANGUAGE_STANDARD = gnu11;
				GCC_DYNAMIC_NO_PIC = NO;
				GCC_NO_COMMON_BLOCKS = YES;
				GCC_OPTIMIZATION_LEVEL = 0;
				GCC_PREPROCESSOR_DEFINITIONS = (
					"DEBUG=1",
					"$(inherited)",
				);
				GCC_WARN_64_TO_32_BIT_CONVERSION = YES;
				GCC_WARN_ABOUT_RETURN_TYPE = YES_ERROR;
				GCC_WARN_UNDECLARED_SELECTOR = YES;
				GCC_WARN_UNINITIALIZED_AUTOS = YES_AGGRESSIVE;
				GCC_WARN_UNUSED_FUNCTION = YES;
				GCC_WARN_UNUSED_VARIABLE = YES;
				IPHONEOS_DEPLOYMENT_TARGET = 16.2;
				MTL_ENABLE_DEBUG_INFO = INCLUDE_SOURCE;
				MTL_FAST_MATH = YES;
				ONLY_ACTIVE_ARCH = YES;
				SDKROOT = iphoneos;
				SWIFT_ACTIVE_COMPILATION_CONDITIONS = DEBUG;
				SWIFT_OPTIMIZATION_LEVEL = "-Onone";
			};
			name = Debug;
		};
		BE2A5B3229D5546700249073 /* Release */ = {
			isa = XCBuildConfiguration;
			buildSettings = {
				ALWAYS_SEARCH_USER_PATHS = NO;
				CLANG_ANALYZER_NONNULL = YES;
				CLANG_ANALYZER_NUMBER_OBJECT_CONVERSION = YES_AGGRESSIVE;
				CLANG_CXX_LANGUAGE_STANDARD = "gnu++20";
				CLANG_ENABLE_MODULES = YES;
				CLANG_ENABLE_OBJC_ARC = YES;
				CLANG_ENABLE_OBJC_WEAK = YES;
				CLANG_WARN_BLOCK_CAPTURE_AUTORELEASING = YES;
				CLANG_WARN_BOOL_CONVERSION = YES;
				CLANG_WARN_COMMA = YES;
				CLANG_WARN_CONSTANT_CONVERSION = YES;
				CLANG_WARN_DEPRECATED_OBJC_IMPLEMENTATIONS = YES;
				CLANG_WARN_DIRECT_OBJC_ISA_USAGE = YES_ERROR;
				CLANG_WARN_DOCUMENTATION_COMMENTS = YES;
				CLANG_WARN_EMPTY_BODY = YES;
				CLANG_WARN_ENUM_CONVERSION = YES;
				CLANG_WARN_INFINITE_RECURSION = YES;
				CLANG_WARN_INT_CONVERSION = YES;
				CLANG_WARN_NON_LITERAL_NULL_CONVERSION = YES;
				CLANG_WARN_OBJC_IMPLICIT_RETAIN_SELF = YES;
				CLANG_WARN_OBJC_LITERAL_CONVERSION = YES;
				CLANG_WARN_OBJC_ROOT_CLASS = YES_ERROR;
				CLANG_WARN_QUOTED_INCLUDE_IN_FRAMEWORK_HEADER = YES;
				CLANG_WARN_RANGE_LOOP_ANALYSIS = YES;
				CLANG_WARN_STRICT_PROTOTYPES = YES;
				CLANG_WARN_SUSPICIOUS_MOVE = YES;
				CLANG_WARN_UNGUARDED_AVAILABILITY = YES_AGGRESSIVE;
				CLANG_WARN_UNREACHABLE_CODE = YES;
				CLANG_WARN__DUPLICATE_METHOD_MATCH = YES;
				COPY_PHASE_STRIP = NO;
				DEBUG_INFORMATION_FORMAT = "dwarf-with-dsym";
				ENABLE_NS_ASSERTIONS = NO;
				ENABLE_STRICT_OBJC_MSGSEND = YES;
				GCC_C_LANGUAGE_STANDARD = gnu11;
				GCC_NO_COMMON_BLOCKS = YES;
				GCC_WARN_64_TO_32_BIT_CONVERSION = YES;
				GCC_WARN_ABOUT_RETURN_TYPE = YES_ERROR;
				GCC_WARN_UNDECLARED_SELECTOR = YES;
				GCC_WARN_UNINITIALIZED_AUTOS = YES_AGGRESSIVE;
				GCC_WARN_UNUSED_FUNCTION = YES;
				GCC_WARN_UNUSED_VARIABLE = YES;
				IPHONEOS_DEPLOYMENT_TARGET = 16.2;
				MTL_ENABLE_DEBUG_INFO = NO;
				MTL_FAST_MATH = YES;
				SDKROOT = iphoneos;
				SWIFT_COMPILATION_MODE = wholemodule;
				SWIFT_OPTIMIZATION_LEVEL = "-O";
				VALIDATE_PRODUCT = YES;
			};
			name = Release;
		};
		BE2A5B3429D5546700249073 /* Debug */ = {
			isa = XCBuildConfiguration;
			buildSettings = {
				ASSETCATALOG_COMPILER_APPICON_NAME = AppIcon;
				ASSETCATALOG_COMPILER_GLOBAL_ACCENT_COLOR_NAME = AccentColor;
				CODE_SIGN_STYLE = Automatic;
				CURRENT_PROJECT_VERSION = 1;
				DEVELOPMENT_ASSET_PATHS = "\"OnAppearApp/Preview Content\"";
				DEVELOPMENT_TEAM = H999WST5QF;
				ENABLE_PREVIEWS = YES;
				GENERATE_INFOPLIST_FILE = YES;
				INFOPLIST_FILE = OnAppearApp/Info.plist;
				INFOPLIST_KEY_UIApplicationSupportsIndirectInputEvents = YES;
				INFOPLIST_KEY_UILaunchScreen_Generation = YES;
				INFOPLIST_KEY_UISupportedInterfaceOrientations_iPad = "UIInterfaceOrientationPortrait UIInterfaceOrientationPortraitUpsideDown UIInterfaceOrientationLandscapeLeft UIInterfaceOrientationLandscapeRight";
				INFOPLIST_KEY_UISupportedInterfaceOrientations_iPhone = "UIInterfaceOrientationPortrait UIInterfaceOrientationLandscapeLeft UIInterfaceOrientationLandscapeRight";
				LD_RUNPATH_SEARCH_PATHS = (
					"$(inherited)",
					"@executable_path/Frameworks",
				);
				MARKETING_VERSION = 1.0;
				PRODUCT_BUNDLE_IDENTIFIER = com.gmail.kennsuke242424.OnAppearApp;
				PRODUCT_NAME = "$(TARGET_NAME)";
				SWIFT_EMIT_LOC_STRINGS = YES;
				SWIFT_VERSION = 5.0;
				TARGETED_DEVICE_FAMILY = "1,2";
			};
			name = Debug;
		};
		BE2A5B3529D5546700249073 /* Release */ = {
			isa = XCBuildConfiguration;
			buildSettings = {
				ASSETCATALOG_COMPILER_APPICON_NAME = AppIcon;
				ASSETCATALOG_COMPILER_GLOBAL_ACCENT_COLOR_NAME = AccentColor;
				CODE_SIGN_STYLE = Automatic;
				CURRENT_PROJECT_VERSION = 1;
				DEVELOPMENT_ASSET_PATHS = "\"OnAppearApp/Preview Content\"";
				DEVELOPMENT_TEAM = H999WST5QF;
				ENABLE_PREVIEWS = YES;
				GENERATE_INFOPLIST_FILE = YES;
				INFOPLIST_FILE = OnAppearApp/Info.plist;
				INFOPLIST_KEY_UIApplicationSupportsIndirectInputEvents = YES;
				INFOPLIST_KEY_UILaunchScreen_Generation = YES;
				INFOPLIST_KEY_UISupportedInterfaceOrientations_iPad = "UIInterfaceOrientationPortrait UIInterfaceOrientationPortraitUpsideDown UIInterfaceOrientationLandscapeLeft UIInterfaceOrientationLandscapeRight";
				INFOPLIST_KEY_UISupportedInterfaceOrientations_iPhone = "UIInterfaceOrientationPortrait UIInterfaceOrientationLandscapeLeft UIInterfaceOrientationLandscapeRight";
				LD_RUNPATH_SEARCH_PATHS = (
					"$(inherited)",
					"@executable_path/Frameworks",
				);
				MARKETING_VERSION = 1.0;
				PRODUCT_BUNDLE_IDENTIFIER = com.gmail.kennsuke242424.OnAppearApp;
				PRODUCT_NAME = "$(TARGET_NAME)";
				SWIFT_EMIT_LOC_STRINGS = YES;
				SWIFT_VERSION = 5.0;
				TARGETED_DEVICE_FAMILY = "1,2";
			};
			name = Release;
		};
/* End XCBuildConfiguration section */

/* Begin XCConfigurationList section */
		BE2A5B2029D5546500249073 /* Build configuration list for PBXProject "OnAppearApp" */ = {
			isa = XCConfigurationList;
			buildConfigurations = (
				BE2A5B3129D5546700249073 /* Debug */,
				BE2A5B3229D5546700249073 /* Release */,
			);
			defaultConfigurationIsVisible = 0;
			defaultConfigurationName = Release;
		};
		BE2A5B3329D5546700249073 /* Build configuration list for PBXNativeTarget "OnAppearApp" */ = {
			isa = XCConfigurationList;
			buildConfigurations = (
				BE2A5B3429D5546700249073 /* Debug */,
				BE2A5B3529D5546700249073 /* Release */,
			);
			defaultConfigurationIsVisible = 0;
			defaultConfigurationName = Release;
		};
/* End XCConfigurationList section */
	};
	rootObject = BE2A5B1D29D5546500249073 /* Project object */;
}
